// !$*UTF8*$!
{
	archiveVersion = 1;
	classes = {
	};
	objectVersion = 46;
	objects = {

/* Begin PBXBuildFile section */
		2F01964515AE2B72000542AC /* CoreData.framework in Frameworks */ = {isa = PBXBuildFile; fileRef = 2F01964415AE2B72000542AC /* CoreData.framework */; };
		2F01964715AE2B80000542AC /* Security.framework in Frameworks */ = {isa = PBXBuildFile; fileRef = 2F01964615AE2B80000542AC /* Security.framework */; };
		2F01964915AE2B91000542AC /* libxml2.dylib in Frameworks */ = {isa = PBXBuildFile; fileRef = 2F01964815AE2B91000542AC /* libxml2.dylib */; };
		2F01964B15AE2B9A000542AC /* QuartzCore.framework in Frameworks */ = {isa = PBXBuildFile; fileRef = 2F01964A15AE2B9A000542AC /* QuartzCore.framework */; };
		2F272AF715CC52150029BEB2 /* AdHawkPreferencesManager.m in Sources */ = {isa = PBXBuildFile; fileRef = 2F272AF615CC52150029BEB2 /* AdHawkPreferencesManager.m */; };
		2F2F125815BE0C79001A74F5 /* AdHawkBaseViewController.m in Sources */ = {isa = PBXBuildFile; fileRef = 2F2F125715BE0C79001A74F5 /* AdHawkBaseViewController.m */; };
		2F46045015C388F7004B2DA9 /* CoreLocation.framework in Frameworks */ = {isa = PBXBuildFile; fileRef = 2F46044F15C388F7004B2DA9 /* CoreLocation.framework */; };
		2F4B984915ACC7AC00C5AB4C /* AdDetailViewController.m in Sources */ = {isa = PBXBuildFile; fileRef = 2F4B984215ACC7AC00C5AB4C /* AdDetailViewController.m */; };
		2F4B984A15ACC7AC00C5AB4C /* AppDelegate.m in Sources */ = {isa = PBXBuildFile; fileRef = 2F4B984415ACC7AC00C5AB4C /* AppDelegate.m */; };
		2F4B984B15ACC7AC00C5AB4C /* RecorderViewController.m in Sources */ = {isa = PBXBuildFile; fileRef = 2F4B984615ACC7AC00C5AB4C /* RecorderViewController.m */; };
		2F4B984C15ACC7AC00C5AB4C /* ViewController.m in Sources */ = {isa = PBXBuildFile; fileRef = 2F4B984815ACC7AC00C5AB4C /* ViewController.m */; };
		2F4B985C15ACC7F800C5AB4C /* CADebugPrintf.cpp in Sources */ = {isa = PBXBuildFile; fileRef = 2F4B985415ACC7F800C5AB4C /* CADebugPrintf.cpp */; };
		2F4B985D15ACC7F800C5AB4C /* Codegen_wrapper.cpp in Sources */ = {isa = PBXBuildFile; fileRef = 2F4B985715ACC7F800C5AB4C /* Codegen_wrapper.cpp */; };
		2F4B985E15ACC7F800C5AB4C /* GetPCMFromFile.cpp in Sources */ = {isa = PBXBuildFile; fileRef = 2F4B985A15ACC7F800C5AB4C /* GetPCMFromFile.cpp */; };
		2F4B986F15ACC8A700C5AB4C /* main.m in Sources */ = {isa = PBXBuildFile; fileRef = 2F4B986E15ACC8A700C5AB4C /* main.m */; };
		2F4B988B15ACD34400C5AB4C /* libechoprint-codegen-ios.a in Frameworks */ = {isa = PBXBuildFile; fileRef = C3CE65EA154237DA00F998E6 /* libechoprint-codegen-ios.a */; };
		2F4B988C15ACD34700C5AB4C /* libechoprint-codegen-ios.sim.a in Frameworks */ = {isa = PBXBuildFile; fileRef = C3CE65EB154237DA00F998E6 /* libechoprint-codegen-ios.sim.a */; settings = {ATTRIBUTES = (Required, ); }; };
		2F4B98E515ACDC5500C5AB4C /* Settings.m in Sources */ = {isa = PBXBuildFile; fileRef = 2F4B98E415ACDC5500C5AB4C /* Settings.m */; };
		2F8AD0CB15AF11B20004EECD /* AdHawkAPI.m in Sources */ = {isa = PBXBuildFile; fileRef = 2F8AD0CA15AF11B20004EECD /* AdHawkAPI.m */; };
		2F8AD0D415AF22C70004EECD /* AdHawkAd.m in Sources */ = {isa = PBXBuildFile; fileRef = 2F8AD0D315AF22C70004EECD /* AdHawkAd.m */; };
		2FBD846215CB0F38001C128F /* AdHawkLocationManager.m in Sources */ = {isa = PBXBuildFile; fileRef = 2FBD846115CB0F38001C128F /* AdHawkLocationManager.m */; };
		2FBD846515CC1A92001C128F /* PreferencesViewController.m in Sources */ = {isa = PBXBuildFile; fileRef = 2FBD846415CC1A91001C128F /* PreferencesViewController.m */; };
		2FBFE4C315C2D4F40035C0F6 /* SimpleWebViewController.m in Sources */ = {isa = PBXBuildFile; fileRef = 2FBFE4C215C2D4F40035C0F6 /* SimpleWebViewController.m */; };
		2FC0B16915C85F710020CCFC /* AdhawkErrorViewController.m in Sources */ = {isa = PBXBuildFile; fileRef = 2FC0B16815C85F710020CCFC /* AdhawkErrorViewController.m */; };
		2FD5299D18A97D3E003D0B8D /* Images.xcassets in Resources */ = {isa = PBXBuildFile; fileRef = 2FB511F618A92E7100AC4127 /* Images.xcassets */; };
		2FD683E815C0505600822ABE /* AboutViewController.m in Sources */ = {isa = PBXBuildFile; fileRef = 2FD683E715C0505600822ABE /* AboutViewController.m */; };
		2FD8C9D618A95B5700820AA8 /* InfoPlist.strings in Resources */ = {isa = PBXBuildFile; fileRef = 2FD8C9D418A95B5700820AA8 /* InfoPlist.strings */; };
		2FD8C9D918A95BBB00820AA8 /* MainStoryboard.storyboard in Resources */ = {isa = PBXBuildFile; fileRef = 2FD8C9D718A95BBB00820AA8 /* MainStoryboard.storyboard */; };
		2FF8DFDF15C06E7A00D68C84 /* AuthHandlingWebViewController.m in Sources */ = {isa = PBXBuildFile; fileRef = 2FF8DFDE15C06E7A00D68C84 /* AuthHandlingWebViewController.m */; };
		2FF8E00415C2109A00D68C84 /* InternalAdBrowserViewController.m in Sources */ = {isa = PBXBuildFile; fileRef = 2FF8E00315C2109A00D68C84 /* InternalAdBrowserViewController.m */; };
		2FFB537D15ADF6DC0069A722 /* Twitter.framework in Frameworks */ = {isa = PBXBuildFile; fileRef = 2FFB537C15ADF6DC0069A722 /* Twitter.framework */; };
		2FFB537F15ADF7200069A722 /* Accounts.framework in Frameworks */ = {isa = PBXBuildFile; fileRef = 2FFB537E15ADF7200069A722 /* Accounts.framework */; };
		5009192CE2C64F898E964550 /* libPods.a in Frameworks */ = {isa = PBXBuildFile; fileRef = BE0DE852A9FC4A889F69F060 /* libPods.a */; };
		C36B3FE315023E5400937C3F /* UIKit.framework in Frameworks */ = {isa = PBXBuildFile; fileRef = C36B3FE215023E5400937C3F /* UIKit.framework */; };
		C36B3FE515023E5400937C3F /* Foundation.framework in Frameworks */ = {isa = PBXBuildFile; fileRef = C36B3FE415023E5400937C3F /* Foundation.framework */; };
		C36B3FE715023E5400937C3F /* CoreGraphics.framework in Frameworks */ = {isa = PBXBuildFile; fileRef = C36B3FE615023E5400937C3F /* CoreGraphics.framework */; };
		C39941A6153FA9A100E64F82 /* libz.dylib in Frameworks */ = {isa = PBXBuildFile; fileRef = C39941A5153FA9A100E64F82 /* libz.dylib */; };
		C39941B6153FAA8100E64F82 /* MediaPlayer.framework in Frameworks */ = {isa = PBXBuildFile; fileRef = C39941B4153FAA7400E64F82 /* MediaPlayer.framework */; };
		C39941B9153FAAA100E64F82 /* AudioToolbox.framework in Frameworks */ = {isa = PBXBuildFile; fileRef = C39941B7153FAA9200E64F82 /* AudioToolbox.framework */; };
		C39941BB153FAAD000E64F82 /* CFNetwork.framework in Frameworks */ = {isa = PBXBuildFile; fileRef = C39941BA153FAAD000E64F82 /* CFNetwork.framework */; };
		C39941BD153FAAD900E64F82 /* MobileCoreServices.framework in Frameworks */ = {isa = PBXBuildFile; fileRef = C39941BC153FAAD900E64F82 /* MobileCoreServices.framework */; };
		C39941BF153FAADF00E64F82 /* SystemConfiguration.framework in Frameworks */ = {isa = PBXBuildFile; fileRef = C39941BE153FAADF00E64F82 /* SystemConfiguration.framework */; };
		C3C01699153A80F700D56553 /* AVFoundation.framework in Frameworks */ = {isa = PBXBuildFile; fileRef = C3C01697153A80EB00D56553 /* AVFoundation.framework */; };
/* End PBXBuildFile section */

/* Begin PBXFileReference section */
		2F01964415AE2B72000542AC /* CoreData.framework */ = {isa = PBXFileReference; lastKnownFileType = wrapper.framework; name = CoreData.framework; path = System/Library/Frameworks/CoreData.framework; sourceTree = SDKROOT; };
		2F01964615AE2B80000542AC /* Security.framework */ = {isa = PBXFileReference; lastKnownFileType = wrapper.framework; name = Security.framework; path = System/Library/Frameworks/Security.framework; sourceTree = SDKROOT; };
		2F01964815AE2B91000542AC /* libxml2.dylib */ = {isa = PBXFileReference; lastKnownFileType = "compiled.mach-o.dylib"; name = libxml2.dylib; path = usr/lib/libxml2.dylib; sourceTree = SDKROOT; };
		2F01964A15AE2B9A000542AC /* QuartzCore.framework */ = {isa = PBXFileReference; lastKnownFileType = wrapper.framework; name = QuartzCore.framework; path = System/Library/Frameworks/QuartzCore.framework; sourceTree = SDKROOT; };
		2F272AF515CC52150029BEB2 /* AdHawkPreferencesManager.h */ = {isa = PBXFileReference; fileEncoding = 4; lastKnownFileType = sourcecode.c.h; path = AdHawkPreferencesManager.h; sourceTree = "<group>"; };
		2F272AF615CC52150029BEB2 /* AdHawkPreferencesManager.m */ = {isa = PBXFileReference; fileEncoding = 4; lastKnownFileType = sourcecode.c.objc; path = AdHawkPreferencesManager.m; sourceTree = "<group>"; };
		2F2F125615BE0C79001A74F5 /* AdHawkBaseViewController.h */ = {isa = PBXFileReference; fileEncoding = 4; lastKnownFileType = sourcecode.c.h; name = AdHawkBaseViewController.h; path = Classes/AdHawkBaseViewController.h; sourceTree = SOURCE_ROOT; };
		2F2F125715BE0C79001A74F5 /* AdHawkBaseViewController.m */ = {isa = PBXFileReference; fileEncoding = 4; lastKnownFileType = sourcecode.c.objc; name = AdHawkBaseViewController.m; path = Classes/AdHawkBaseViewController.m; sourceTree = SOURCE_ROOT; };
		2F46044F15C388F7004B2DA9 /* CoreLocation.framework */ = {isa = PBXFileReference; lastKnownFileType = wrapper.framework; name = CoreLocation.framework; path = System/Library/Frameworks/CoreLocation.framework; sourceTree = SDKROOT; };
		2F4B984115ACC7AC00C5AB4C /* AdDetailViewController.h */ = {isa = PBXFileReference; fileEncoding = 4; lastKnownFileType = sourcecode.c.h; name = AdDetailViewController.h; path = Classes/AdDetailViewController.h; sourceTree = SOURCE_ROOT; };
		2F4B984215ACC7AC00C5AB4C /* AdDetailViewController.m */ = {isa = PBXFileReference; fileEncoding = 4; lastKnownFileType = sourcecode.c.objc; name = AdDetailViewController.m; path = Classes/AdDetailViewController.m; sourceTree = SOURCE_ROOT; };
		2F4B984315ACC7AC00C5AB4C /* AppDelegate.h */ = {isa = PBXFileReference; fileEncoding = 4; lastKnownFileType = sourcecode.c.h; name = AppDelegate.h; path = Classes/AppDelegate.h; sourceTree = SOURCE_ROOT; };
		2F4B984415ACC7AC00C5AB4C /* AppDelegate.m */ = {isa = PBXFileReference; fileEncoding = 4; lastKnownFileType = sourcecode.c.objc; name = AppDelegate.m; path = Classes/AppDelegate.m; sourceTree = SOURCE_ROOT; };
		2F4B984515ACC7AC00C5AB4C /* RecorderViewController.h */ = {isa = PBXFileReference; fileEncoding = 4; lastKnownFileType = sourcecode.c.h; name = RecorderViewController.h; path = Classes/RecorderViewController.h; sourceTree = SOURCE_ROOT; };
		2F4B984615ACC7AC00C5AB4C /* RecorderViewController.m */ = {isa = PBXFileReference; fileEncoding = 4; lastKnownFileType = sourcecode.c.objc; name = RecorderViewController.m; path = Classes/RecorderViewController.m; sourceTree = SOURCE_ROOT; };
		2F4B984715ACC7AC00C5AB4C /* ViewController.h */ = {isa = PBXFileReference; fileEncoding = 4; lastKnownFileType = sourcecode.c.h; name = ViewController.h; path = Classes/ViewController.h; sourceTree = SOURCE_ROOT; };
		2F4B984815ACC7AC00C5AB4C /* ViewController.m */ = {isa = PBXFileReference; fileEncoding = 4; lastKnownFileType = sourcecode.c.objc; name = ViewController.m; path = Classes/ViewController.m; sourceTree = SOURCE_ROOT; };
		2F4B985315ACC7F800C5AB4C /* CADebugMacros.h */ = {isa = PBXFileReference; fileEncoding = 4; lastKnownFileType = sourcecode.c.h; name = CADebugMacros.h; path = Vendor/echoprint/CADebugMacros.h; sourceTree = SOURCE_ROOT; };
		2F4B985415ACC7F800C5AB4C /* CADebugPrintf.cpp */ = {isa = PBXFileReference; fileEncoding = 4; lastKnownFileType = sourcecode.cpp.cpp; name = CADebugPrintf.cpp; path = Vendor/echoprint/CADebugPrintf.cpp; sourceTree = SOURCE_ROOT; };
		2F4B985515ACC7F800C5AB4C /* CADebugPrintf.h */ = {isa = PBXFileReference; fileEncoding = 4; lastKnownFileType = sourcecode.c.h; name = CADebugPrintf.h; path = Vendor/echoprint/CADebugPrintf.h; sourceTree = SOURCE_ROOT; };
		2F4B985615ACC7F800C5AB4C /* CAStreamBasicDescription.h */ = {isa = PBXFileReference; fileEncoding = 4; lastKnownFileType = sourcecode.c.h; name = CAStreamBasicDescription.h; path = Vendor/echoprint/CAStreamBasicDescription.h; sourceTree = SOURCE_ROOT; };
		2F4B985715ACC7F800C5AB4C /* Codegen_wrapper.cpp */ = {isa = PBXFileReference; fileEncoding = 4; lastKnownFileType = sourcecode.cpp.cpp; name = Codegen_wrapper.cpp; path = Vendor/echoprint/Codegen_wrapper.cpp; sourceTree = SOURCE_ROOT; };
		2F4B985815ACC7F800C5AB4C /* Codegen_wrapper.h */ = {isa = PBXFileReference; fileEncoding = 4; lastKnownFileType = sourcecode.c.h; name = Codegen_wrapper.h; path = Vendor/echoprint/Codegen_wrapper.h; sourceTree = SOURCE_ROOT; };
		2F4B985915ACC7F800C5AB4C /* Codegen.h */ = {isa = PBXFileReference; fileEncoding = 4; lastKnownFileType = sourcecode.c.h; name = Codegen.h; path = Vendor/echoprint/Codegen.h; sourceTree = SOURCE_ROOT; };
		2F4B985A15ACC7F800C5AB4C /* GetPCMFromFile.cpp */ = {isa = PBXFileReference; fileEncoding = 4; lastKnownFileType = sourcecode.cpp.cpp; name = GetPCMFromFile.cpp; path = Vendor/echoprint/GetPCMFromFile.cpp; sourceTree = SOURCE_ROOT; };
		2F4B985B15ACC7F800C5AB4C /* GetPCMFromFile.h */ = {isa = PBXFileReference; fileEncoding = 4; lastKnownFileType = sourcecode.c.h; name = GetPCMFromFile.h; path = Vendor/echoprint/GetPCMFromFile.h; sourceTree = SOURCE_ROOT; };
		2F4B986E15ACC8A700C5AB4C /* main.m */ = {isa = PBXFileReference; fileEncoding = 4; lastKnownFileType = sourcecode.c.objc; name = main.m; path = "Other Sources/main.m"; sourceTree = SOURCE_ROOT; };
		2F4B98E415ACDC5500C5AB4C /* Settings.m */ = {isa = PBXFileReference; fileEncoding = 4; lastKnownFileType = sourcecode.c.objc; name = Settings.m; path = Classes/Config/Settings.m; sourceTree = SOURCE_ROOT; };
		2F4B98E715ACDCEA00C5AB4C /* Settings.h */ = {isa = PBXFileReference; lastKnownFileType = sourcecode.c.h; name = Settings.h; path = Classes/Config/Settings.h; sourceTree = SOURCE_ROOT; };
		2F7C97EC15B9AD9400FC8AA1 /* AppMacros.h */ = {isa = PBXFileReference; lastKnownFileType = sourcecode.c.h; name = AppMacros.h; path = Classes/Config/AppMacros.h; sourceTree = SOURCE_ROOT; };
		2F8AD0C915AF11B20004EECD /* AdHawkAPI.h */ = {isa = PBXFileReference; fileEncoding = 4; lastKnownFileType = sourcecode.c.h; name = AdHawkAPI.h; path = Classes/Services/AdHawkAPI.h; sourceTree = SOURCE_ROOT; };
		2F8AD0CA15AF11B20004EECD /* AdHawkAPI.m */ = {isa = PBXFileReference; fileEncoding = 4; lastKnownFileType = sourcecode.c.objc; name = AdHawkAPI.m; path = Classes/Services/AdHawkAPI.m; sourceTree = SOURCE_ROOT; };
		2F8AD0D215AF22C70004EECD /* AdHawkAd.h */ = {isa = PBXFileReference; fileEncoding = 4; lastKnownFileType = sourcecode.c.h; name = AdHawkAd.h; path = Classes/Services/AdHawkAd.h; sourceTree = SOURCE_ROOT; };
		2F8AD0D315AF22C70004EECD /* AdHawkAd.m */ = {isa = PBXFileReference; fileEncoding = 4; lastKnownFileType = sourcecode.c.objc; name = AdHawkAd.m; path = Classes/Services/AdHawkAd.m; sourceTree = SOURCE_ROOT; };
		2F93476E15AE111500FE5749 /* Ad Hawk-Info.plist */ = {isa = PBXFileReference; fileEncoding = 4; lastKnownFileType = text.plist.xml; name = "Ad Hawk-Info.plist"; path = "Resources/Ad Hawk-Info.plist"; sourceTree = SOURCE_ROOT; };
		2F93477115AE112100FE5749 /* Ad Hawk-Prefix.pch */ = {isa = PBXFileReference; fileEncoding = 4; lastKnownFileType = sourcecode.c.h; name = "Ad Hawk-Prefix.pch"; path = "Other Sources/Ad Hawk-Prefix.pch"; sourceTree = SOURCE_ROOT; };
		2FB511F618A92E7100AC4127 /* Images.xcassets */ = {isa = PBXFileReference; lastKnownFileType = folder.assetcatalog; name = Images.xcassets; path = Resources/Images.xcassets; sourceTree = SOURCE_ROOT; };
		2FBD846015CB0F37001C128F /* AdHawkLocationManager.h */ = {isa = PBXFileReference; fileEncoding = 4; lastKnownFileType = sourcecode.c.h; path = AdHawkLocationManager.h; sourceTree = "<group>"; };
		2FBD846115CB0F38001C128F /* AdHawkLocationManager.m */ = {isa = PBXFileReference; fileEncoding = 4; lastKnownFileType = sourcecode.c.objc; path = AdHawkLocationManager.m; sourceTree = "<group>"; };
		2FBD846315CC1A90001C128F /* PreferencesViewController.h */ = {isa = PBXFileReference; fileEncoding = 4; lastKnownFileType = sourcecode.c.h; path = PreferencesViewController.h; sourceTree = "<group>"; };
		2FBD846415CC1A91001C128F /* PreferencesViewController.m */ = {isa = PBXFileReference; fileEncoding = 4; lastKnownFileType = sourcecode.c.objc; path = PreferencesViewController.m; sourceTree = "<group>"; };
		2FBFE4C115C2D4F40035C0F6 /* SimpleWebViewController.h */ = {isa = PBXFileReference; fileEncoding = 4; lastKnownFileType = sourcecode.c.h; name = SimpleWebViewController.h; path = Classes/SimpleWebViewController.h; sourceTree = SOURCE_ROOT; };
		2FBFE4C215C2D4F40035C0F6 /* SimpleWebViewController.m */ = {isa = PBXFileReference; fileEncoding = 4; lastKnownFileType = sourcecode.c.objc; name = SimpleWebViewController.m; path = Classes/SimpleWebViewController.m; sourceTree = SOURCE_ROOT; };
		2FC0B16715C85F710020CCFC /* AdhawkErrorViewController.h */ = {isa = PBXFileReference; fileEncoding = 4; lastKnownFileType = sourcecode.c.h; name = AdhawkErrorViewController.h; path = Classes/AdhawkErrorViewController.h; sourceTree = SOURCE_ROOT; };
		2FC0B16815C85F710020CCFC /* AdhawkErrorViewController.m */ = {isa = PBXFileReference; fileEncoding = 4; lastKnownFileType = sourcecode.c.objc; name = AdhawkErrorViewController.m; path = Classes/AdhawkErrorViewController.m; sourceTree = SOURCE_ROOT; };
		2FD683E615C0505600822ABE /* AboutViewController.h */ = {isa = PBXFileReference; fileEncoding = 4; lastKnownFileType = sourcecode.c.h; name = AboutViewController.h; path = Classes/AboutViewController.h; sourceTree = SOURCE_ROOT; };
		2FD683E715C0505600822ABE /* AboutViewController.m */ = {isa = PBXFileReference; fileEncoding = 4; lastKnownFileType = sourcecode.c.objc; name = AboutViewController.m; path = Classes/AboutViewController.m; sourceTree = SOURCE_ROOT; };
		2FD8C9D318A95A4B00820AA8 /* echoprint_Prefix.pch */ = {isa = PBXFileReference; fileEncoding = 4; lastKnownFileType = sourcecode.c.h; path = echoprint_Prefix.pch; sourceTree = "<group>"; };
		2FD8C9D518A95B5700820AA8 /* en */ = {isa = PBXFileReference; lastKnownFileType = text.plist.strings; name = en; path = Resources/en.lproj/InfoPlist.strings; sourceTree = SOURCE_ROOT; };
		2FD8C9D818A95BBB00820AA8 /* en */ = {isa = PBXFileReference; lastKnownFileType = file.storyboard; name = en; path = Resources/en.lproj/MainStoryboard.storyboard; sourceTree = SOURCE_ROOT; };
		2FF8DFDD15C06E7A00D68C84 /* AuthHandlingWebViewController.h */ = {isa = PBXFileReference; fileEncoding = 4; lastKnownFileType = sourcecode.c.h; name = AuthHandlingWebViewController.h; path = Classes/AuthHandlingWebViewController.h; sourceTree = SOURCE_ROOT; };
		2FF8DFDE15C06E7A00D68C84 /* AuthHandlingWebViewController.m */ = {isa = PBXFileReference; fileEncoding = 4; lastKnownFileType = sourcecode.c.objc; name = AuthHandlingWebViewController.m; path = Classes/AuthHandlingWebViewController.m; sourceTree = SOURCE_ROOT; };
		2FF8E00215C2109A00D68C84 /* InternalAdBrowserViewController.h */ = {isa = PBXFileReference; fileEncoding = 4; lastKnownFileType = sourcecode.c.h; name = InternalAdBrowserViewController.h; path = Classes/InternalAdBrowserViewController.h; sourceTree = SOURCE_ROOT; };
		2FF8E00315C2109A00D68C84 /* InternalAdBrowserViewController.m */ = {isa = PBXFileReference; fileEncoding = 4; lastKnownFileType = sourcecode.c.objc; name = InternalAdBrowserViewController.m; path = Classes/InternalAdBrowserViewController.m; sourceTree = SOURCE_ROOT; };
		2FFB537C15ADF6DC0069A722 /* Twitter.framework */ = {isa = PBXFileReference; lastKnownFileType = wrapper.framework; name = Twitter.framework; path = System/Library/Frameworks/Twitter.framework; sourceTree = SDKROOT; };
		2FFB537E15ADF7200069A722 /* Accounts.framework */ = {isa = PBXFileReference; lastKnownFileType = wrapper.framework; name = Accounts.framework; path = System/Library/Frameworks/Accounts.framework; sourceTree = SDKROOT; };
		BE0DE852A9FC4A889F69F060 /* libPods.a */ = {isa = PBXFileReference; explicitFileType = archive.ar; includeInIndex = 0; path = libPods.a; sourceTree = BUILT_PRODUCTS_DIR; };
		C36B3FDE15023E5400937C3F /* Ad Hawk.app */ = {isa = PBXFileReference; explicitFileType = wrapper.application; includeInIndex = 0; path = "Ad Hawk.app"; sourceTree = BUILT_PRODUCTS_DIR; };
		C36B3FE215023E5400937C3F /* UIKit.framework */ = {isa = PBXFileReference; lastKnownFileType = wrapper.framework; name = UIKit.framework; path = System/Library/Frameworks/UIKit.framework; sourceTree = SDKROOT; };
		C36B3FE415023E5400937C3F /* Foundation.framework */ = {isa = PBXFileReference; lastKnownFileType = wrapper.framework; name = Foundation.framework; path = System/Library/Frameworks/Foundation.framework; sourceTree = SDKROOT; };
		C36B3FE615023E5400937C3F /* CoreGraphics.framework */ = {isa = PBXFileReference; lastKnownFileType = wrapper.framework; name = CoreGraphics.framework; path = System/Library/Frameworks/CoreGraphics.framework; sourceTree = SDKROOT; };
		C36B400015023E5400937C3F /* SenTestingKit.framework */ = {isa = PBXFileReference; lastKnownFileType = wrapper.framework; name = SenTestingKit.framework; path = Library/Frameworks/SenTestingKit.framework; sourceTree = DEVELOPER_DIR; };
		C39941A5153FA9A100E64F82 /* libz.dylib */ = {isa = PBXFileReference; lastKnownFileType = "compiled.mach-o.dylib"; name = libz.dylib; path = usr/lib/libz.dylib; sourceTree = SDKROOT; };
		C39941B4153FAA7400E64F82 /* MediaPlayer.framework */ = {isa = PBXFileReference; lastKnownFileType = wrapper.framework; name = MediaPlayer.framework; path = System/Library/Frameworks/MediaPlayer.framework; sourceTree = SDKROOT; };
		C39941B7153FAA9200E64F82 /* AudioToolbox.framework */ = {isa = PBXFileReference; lastKnownFileType = wrapper.framework; name = AudioToolbox.framework; path = System/Library/Frameworks/AudioToolbox.framework; sourceTree = SDKROOT; };
		C39941BA153FAAD000E64F82 /* CFNetwork.framework */ = {isa = PBXFileReference; lastKnownFileType = wrapper.framework; name = CFNetwork.framework; path = System/Library/Frameworks/CFNetwork.framework; sourceTree = SDKROOT; };
		C39941BC153FAAD900E64F82 /* MobileCoreServices.framework */ = {isa = PBXFileReference; lastKnownFileType = wrapper.framework; name = MobileCoreServices.framework; path = System/Library/Frameworks/MobileCoreServices.framework; sourceTree = SDKROOT; };
		C39941BE153FAADF00E64F82 /* SystemConfiguration.framework */ = {isa = PBXFileReference; lastKnownFileType = wrapper.framework; name = SystemConfiguration.framework; path = System/Library/Frameworks/SystemConfiguration.framework; sourceTree = SDKROOT; };
		C3C01697153A80EB00D56553 /* AVFoundation.framework */ = {isa = PBXFileReference; lastKnownFileType = wrapper.framework; name = AVFoundation.framework; path = System/Library/Frameworks/AVFoundation.framework; sourceTree = SDKROOT; };
		C3CE65EA154237DA00F998E6 /* libechoprint-codegen-ios.a */ = {isa = PBXFileReference; lastKnownFileType = archive.ar; name = "libechoprint-codegen-ios.a"; path = "Frameworks/libechoprint-codegen-ios.a"; sourceTree = "<group>"; };
		C3CE65EB154237DA00F998E6 /* libechoprint-codegen-ios.sim.a */ = {isa = PBXFileReference; lastKnownFileType = archive.ar; name = "libechoprint-codegen-ios.sim.a"; path = "Frameworks/libechoprint-codegen-ios.sim.a"; sourceTree = "<group>"; };
		F2D7A69A16894332B801C8BA /* Pods.xcconfig */ = {isa = PBXFileReference; includeInIndex = 1; lastKnownFileType = text.xcconfig; name = Pods.xcconfig; path = Pods/Pods.xcconfig; sourceTree = "<group>"; };
/* End PBXFileReference section */

/* Begin PBXFrameworksBuildPhase section */
		C36B3FDB15023E5400937C3F /* Frameworks */ = {
			isa = PBXFrameworksBuildPhase;
			buildActionMask = 2147483647;
			files = (
				5009192CE2C64F898E964550 /* libPods.a in Frameworks */,
				2F46045015C388F7004B2DA9 /* CoreLocation.framework in Frameworks */,
				2F01964B15AE2B9A000542AC /* QuartzCore.framework in Frameworks */,
				2F01964915AE2B91000542AC /* libxml2.dylib in Frameworks */,
				2F01964715AE2B80000542AC /* Security.framework in Frameworks */,
				2F01964515AE2B72000542AC /* CoreData.framework in Frameworks */,
				2F4B988B15ACD34400C5AB4C /* libechoprint-codegen-ios.a in Frameworks */,
				2F4B988C15ACD34700C5AB4C /* libechoprint-codegen-ios.sim.a in Frameworks */,
				C39941A6153FA9A100E64F82 /* libz.dylib in Frameworks */,
				C39941BF153FAADF00E64F82 /* SystemConfiguration.framework in Frameworks */,
				C39941BD153FAAD900E64F82 /* MobileCoreServices.framework in Frameworks */,
				C39941BB153FAAD000E64F82 /* CFNetwork.framework in Frameworks */,
				C36B3FE315023E5400937C3F /* UIKit.framework in Frameworks */,
				C39941B9153FAAA100E64F82 /* AudioToolbox.framework in Frameworks */,
				C39941B6153FAA8100E64F82 /* MediaPlayer.framework in Frameworks */,
				C3C01699153A80F700D56553 /* AVFoundation.framework in Frameworks */,
				C36B3FE515023E5400937C3F /* Foundation.framework in Frameworks */,
				C36B3FE715023E5400937C3F /* CoreGraphics.framework in Frameworks */,
				2FFB537F15ADF7200069A722 /* Accounts.framework in Frameworks */,
				2FFB537D15ADF6DC0069A722 /* Twitter.framework in Frameworks */,
			);
			runOnlyForDeploymentPostprocessing = 0;
		};
/* End PBXFrameworksBuildPhase section */

/* Begin PBXGroup section */
		2F4B98E315ACDC1600C5AB4C /* config */ = {
			isa = PBXGroup;
			children = (
				2F7C97EC15B9AD9400FC8AA1 /* AppMacros.h */,
				2F4B98E715ACDCEA00C5AB4C /* Settings.h */,
				2F4B98E415ACDC5500C5AB4C /* Settings.m */,
			);
			name = config;
			path = Config;
			sourceTree = "<group>";
		};
		2F8AD0C815AF115C0004EECD /* Services */ = {
			isa = PBXGroup;
			children = (
				2F8AD0D215AF22C70004EECD /* AdHawkAd.h */,
				2F8AD0D315AF22C70004EECD /* AdHawkAd.m */,
				2F8AD0C915AF11B20004EECD /* AdHawkAPI.h */,
				2F8AD0CA15AF11B20004EECD /* AdHawkAPI.m */,
				2FBD846015CB0F37001C128F /* AdHawkLocationManager.h */,
				2FBD846115CB0F38001C128F /* AdHawkLocationManager.m */,
			);
			name = Services;
			sourceTree = "<group>";
		};
		2FD8C9D218A9573C00820AA8 /* Vendor */ = {
			isa = PBXGroup;
			children = (
				C39941A7153FA9D500E64F82 /* echoprint */,
			);
			name = Vendor;
			sourceTree = "<group>";
		};
		C36B3FD315023E5400937C3F = {
			isa = PBXGroup;
			children = (
				C3C01695153A80C700D56553 /* Classes */,
				C36B3FE115023E5400937C3F /* Frameworks */,
				F2D7A69A16894332B801C8BA /* Pods.xcconfig */,
				C36B3FDF15023E5400937C3F /* Products */,
				C3D6DD8615027FBB003F8F6B /* Resources */,
				C36B3FE915023E5400937C3F /* Other Sources */,
				2FD8C9D218A9573C00820AA8 /* Vendor */,
			);
			sourceTree = "<group>";
		};
		C36B3FDF15023E5400937C3F /* Products */ = {
			isa = PBXGroup;
			children = (
				C36B3FDE15023E5400937C3F /* Ad Hawk.app */,
			);
			name = Products;
			sourceTree = "<group>";
		};
		C36B3FE115023E5400937C3F /* Frameworks */ = {
			isa = PBXGroup;
			children = (
				2F46044F15C388F7004B2DA9 /* CoreLocation.framework */,
				2F01964A15AE2B9A000542AC /* QuartzCore.framework */,
				2F01964815AE2B91000542AC /* libxml2.dylib */,
				2F01964615AE2B80000542AC /* Security.framework */,
				2F01964415AE2B72000542AC /* CoreData.framework */,
				2FFB537E15ADF7200069A722 /* Accounts.framework */,
				2FFB537C15ADF6DC0069A722 /* Twitter.framework */,
				C3CE65EA154237DA00F998E6 /* libechoprint-codegen-ios.a */,
				C3CE65EB154237DA00F998E6 /* libechoprint-codegen-ios.sim.a */,
				C39941BE153FAADF00E64F82 /* SystemConfiguration.framework */,
				C39941BC153FAAD900E64F82 /* MobileCoreServices.framework */,
				C39941BA153FAAD000E64F82 /* CFNetwork.framework */,
				C39941B7153FAA9200E64F82 /* AudioToolbox.framework */,
				C39941B4153FAA7400E64F82 /* MediaPlayer.framework */,
				C39941A5153FA9A100E64F82 /* libz.dylib */,
				C3C01697153A80EB00D56553 /* AVFoundation.framework */,
				C36B3FE215023E5400937C3F /* UIKit.framework */,
				C36B3FE415023E5400937C3F /* Foundation.framework */,
				C36B3FE615023E5400937C3F /* CoreGraphics.framework */,
				C36B400015023E5400937C3F /* SenTestingKit.framework */,
				BE0DE852A9FC4A889F69F060 /* libPods.a */,
			);
			name = Frameworks;
			sourceTree = "<group>";
		};
		C36B3FE915023E5400937C3F /* Other Sources */ = {
			isa = PBXGroup;
			children = (
				2F4B986E15ACC8A700C5AB4C /* main.m */,
				2F93476E15AE111500FE5749 /* Ad Hawk-Info.plist */,
				2F93477115AE112100FE5749 /* Ad Hawk-Prefix.pch */,
			);
			path = "Other Sources";
			sourceTree = "<group>";
		};
		C39941A7153FA9D500E64F82 /* echoprint */ = {
			isa = PBXGroup;
			children = (
				2FD8C9D318A95A4B00820AA8 /* echoprint_Prefix.pch */,
				2F4B985315ACC7F800C5AB4C /* CADebugMacros.h */,
				2F4B985415ACC7F800C5AB4C /* CADebugPrintf.cpp */,
				2F4B985515ACC7F800C5AB4C /* CADebugPrintf.h */,
				2F4B985615ACC7F800C5AB4C /* CAStreamBasicDescription.h */,
				2F4B985715ACC7F800C5AB4C /* Codegen_wrapper.cpp */,
				2F4B985815ACC7F800C5AB4C /* Codegen_wrapper.h */,
				2F4B985915ACC7F800C5AB4C /* Codegen.h */,
				2F4B985A15ACC7F800C5AB4C /* GetPCMFromFile.cpp */,
				2F4B985B15ACC7F800C5AB4C /* GetPCMFromFile.h */,
			);
			name = echoprint;
			path = Vendor/echoprint;
			sourceTree = "<group>";
		};
		C3C01695153A80C700D56553 /* Classes */ = {
			isa = PBXGroup;
			children = (
				2FC0B16715C85F710020CCFC /* AdhawkErrorViewController.h */,
				2FC0B16815C85F710020CCFC /* AdhawkErrorViewController.m */,
				2F8AD0C815AF115C0004EECD /* Services */,
				2F4B98E315ACDC1600C5AB4C /* config */,
				2F4B984115ACC7AC00C5AB4C /* AdDetailViewController.h */,
				2F4B984215ACC7AC00C5AB4C /* AdDetailViewController.m */,
				2F4B984315ACC7AC00C5AB4C /* AppDelegate.h */,
				2F4B984415ACC7AC00C5AB4C /* AppDelegate.m */,
				2F4B984515ACC7AC00C5AB4C /* RecorderViewController.h */,
				2F4B984615ACC7AC00C5AB4C /* RecorderViewController.m */,
				2F4B984715ACC7AC00C5AB4C /* ViewController.h */,
				2F4B984815ACC7AC00C5AB4C /* ViewController.m */,
				2FF8DFDD15C06E7A00D68C84 /* AuthHandlingWebViewController.h */,
				2FF8DFDE15C06E7A00D68C84 /* AuthHandlingWebViewController.m */,
				2FD683E615C0505600822ABE /* AboutViewController.h */,
				2FD683E715C0505600822ABE /* AboutViewController.m */,
				2F2F125615BE0C79001A74F5 /* AdHawkBaseViewController.h */,
				2F2F125715BE0C79001A74F5 /* AdHawkBaseViewController.m */,
				2FF8E00215C2109A00D68C84 /* InternalAdBrowserViewController.h */,
				2FF8E00315C2109A00D68C84 /* InternalAdBrowserViewController.m */,
				2FBFE4C115C2D4F40035C0F6 /* SimpleWebViewController.h */,
				2FBFE4C215C2D4F40035C0F6 /* SimpleWebViewController.m */,
				2FBD846315CC1A90001C128F /* PreferencesViewController.h */,
				2FBD846415CC1A91001C128F /* PreferencesViewController.m */,
				2F272AF515CC52150029BEB2 /* AdHawkPreferencesManager.h */,
				2F272AF615CC52150029BEB2 /* AdHawkPreferencesManager.m */,
			);
			path = Classes;
			sourceTree = "<group>";
		};
		C3D6DD8615027FBB003F8F6B /* Resources */ = {
			isa = PBXGroup;
			children = (
				2FB511F618A92E7100AC4127 /* Images.xcassets */,
				2FD8C9D418A95B5700820AA8 /* InfoPlist.strings */,
				2FD8C9D718A95BBB00820AA8 /* MainStoryboard.storyboard */,
			);
			name = Resources;
			path = adhawk;
			sourceTree = "<group>";
		};
/* End PBXGroup section */

/* Begin PBXNativeTarget section */
		C36B3FDD15023E5400937C3F /* Ad Hawk */ = {
			isa = PBXNativeTarget;
			buildConfigurationList = C36B401115023E5400937C3F /* Build configuration list for PBXNativeTarget "Ad Hawk" */;
			buildPhases = (
				A2DAA6C0655244378245B6D3 /* Check Pods Manifest.lock */,
				2F41957115AE06790038B0CA /* ShellScript */,
				C36B3FDA15023E5400937C3F /* Sources */,
				C36B3FDB15023E5400937C3F /* Frameworks */,
				C36B3FDC15023E5400937C3F /* Resources */,
				OBJCLEANCUSTOMRUNSCRIPTT /* Objective-Clean Run Script */,
				875B413664D34B2A9097A3A2 /* Copy Pods Resources */,
			);
			buildRules = (
			);
			dependencies = (
			);
			name = "Ad Hawk";
			productName = whopaid;
			productReference = C36B3FDE15023E5400937C3F /* Ad Hawk.app */;
			productType = "com.apple.product-type.application";
		};
/* End PBXNativeTarget section */

/* Begin PBXProject section */
		C36B3FD515023E5400937C3F /* Project object */ = {
			isa = PBXProject;
			attributes = {
				LastUpgradeCheck = 0430;
				TargetAttributes = {
					C36B3FDD15023E5400937C3F = {
						DevelopmentTeam = 3A9R2W6JVG;
					};
				};
			};
			buildConfigurationList = C36B3FD815023E5400937C3F /* Build configuration list for PBXProject "adhawk" */;
			compatibilityVersion = "Xcode 3.2";
			developmentRegion = English;
			hasScannedForEncodings = 0;
			knownRegions = (
				en,
			);
			mainGroup = C36B3FD315023E5400937C3F;
			productRefGroup = C36B3FDF15023E5400937C3F /* Products */;
			projectDirPath = "";
			projectRoot = "";
			targets = (
				C36B3FDD15023E5400937C3F /* Ad Hawk */,
			);
		};
/* End PBXProject section */

/* Begin PBXResourcesBuildPhase section */
		C36B3FDC15023E5400937C3F /* Resources */ = {
			isa = PBXResourcesBuildPhase;
			buildActionMask = 2147483647;
			files = (
				2FD5299D18A97D3E003D0B8D /* Images.xcassets in Resources */,
				2FD8C9D618A95B5700820AA8 /* InfoPlist.strings in Resources */,
				2FD8C9D918A95BBB00820AA8 /* MainStoryboard.storyboard in Resources */,
			);
			runOnlyForDeploymentPostprocessing = 0;
		};
/* End PBXResourcesBuildPhase section */

/* Begin PBXShellScriptBuildPhase section */
		2F41957115AE06790038B0CA /* ShellScript */ = {
			isa = PBXShellScriptBuildPhase;
			buildActionMask = 12;
			files = (
			);
			inputPaths = (
			);
			outputPaths = (
			);
			runOnlyForDeploymentPostprocessing = 0;
			shellPath = /bin/sh;
			shellScript = "#!/bin/sh\n#\ngit=`sh /etc/profile; which git`\n## For the App Store, instead use: git describe ‚Äìabbrev=0 ‚Äìtags\nversion=`$git describe --abbrev=0 --tags --always`\ncount=`$git rev-list --all | wc -l`\nrevision=`$git rev-parse --short HEAD`\necho -e \"#define GIT_VERSION $version\\n#define GIT_COMMIT_COUNT $count\\n#define GIT_SHORT_REVISION $revision\" > Resources/InfoPlist.h";
			showEnvVarsInLog = 0;
		};
		875B413664D34B2A9097A3A2 /* Copy Pods Resources */ = {
			isa = PBXShellScriptBuildPhase;
			buildActionMask = 2147483647;
			files = (
			);
			inputPaths = (
			);
			name = "Copy Pods Resources";
			outputPaths = (
			);
			runOnlyForDeploymentPostprocessing = 0;
			shellPath = /bin/sh;
			shellScript = "\"${SRCROOT}/Pods/Pods-resources.sh\"\n";
			showEnvVarsInLog = 0;
		};
		A2DAA6C0655244378245B6D3 /* Check Pods Manifest.lock */ = {
			isa = PBXShellScriptBuildPhase;
			buildActionMask = 2147483647;
			files = (
			);
			inputPaths = (
			);
			name = "Check Pods Manifest.lock";
			outputPaths = (
			);
			runOnlyForDeploymentPostprocessing = 0;
			shellPath = /bin/sh;
			shellScript = "diff \"${PODS_ROOT}/../Podfile.lock\" \"${PODS_ROOT}/Manifest.lock\" > /dev/null\nif [[ $? != 0 ]] ; then\n    cat << EOM\nerror: The sandbox is not in sync with the Podfile.lock. Run 'pod install' or update your CocoaPods installation.\nEOM\n    exit 1\nfi\n";
			showEnvVarsInLog = 0;
		};
		OBJCLEANCUSTOMRUNSCRIPTT /* Objective-Clean Run Script */ = {
			isa = PBXShellScriptBuildPhase;
			buildActionMask = 2147483647;
			files = (
			);
			inputPaths = (
			);
			name = "Objective-Clean Run Script";
			outputPaths = (
			);
			runOnlyForDeploymentPostprocessing = 0;
			shellPath = /bin/sh;
			shellScript = "if [[ -z ${SKIP_OBJCLEAN} || ${SKIP_OBJCLEAN} != 1 ]]; then\nif [[ -d \"${LOCAL_APPS_DIR}/Objective-Clean.app\" ]]; then \n\"${LOCAL_APPS_DIR}\"/Objective-Clean.app/Contents/Resources/ObjClean.app/Contents/MacOS/ObjClean \"${SRCROOT}\" \nelse\necho \"warning: You have to install and set up Objective-Clean to use its features!\" \nfi\nfi";
		};
/* End PBXShellScriptBuildPhase section */

/* Begin PBXSourcesBuildPhase section */
		C36B3FDA15023E5400937C3F /* Sources */ = {
			isa = PBXSourcesBuildPhase;
			buildActionMask = 2147483647;
			files = (
				2F4B984915ACC7AC00C5AB4C /* AdDetailViewController.m in Sources */,
				2F4B984A15ACC7AC00C5AB4C /* AppDelegate.m in Sources */,
				2F4B984B15ACC7AC00C5AB4C /* RecorderViewController.m in Sources */,
				2F4B984C15ACC7AC00C5AB4C /* ViewController.m in Sources */,
				2F4B985C15ACC7F800C5AB4C /* CADebugPrintf.cpp in Sources */,
				2F4B985D15ACC7F800C5AB4C /* Codegen_wrapper.cpp in Sources */,
				2F4B985E15ACC7F800C5AB4C /* GetPCMFromFile.cpp in Sources */,
				2F4B986F15ACC8A700C5AB4C /* main.m in Sources */,
				2F4B98E515ACDC5500C5AB4C /* Settings.m in Sources */,
				2F8AD0CB15AF11B20004EECD /* AdHawkAPI.m in Sources */,
				2F8AD0D415AF22C70004EECD /* AdHawkAd.m in Sources */,
				2F2F125815BE0C79001A74F5 /* AdHawkBaseViewController.m in Sources */,
				2FD683E815C0505600822ABE /* AboutViewController.m in Sources */,
				2FF8DFDF15C06E7A00D68C84 /* AuthHandlingWebViewController.m in Sources */,
				2FF8E00415C2109A00D68C84 /* InternalAdBrowserViewController.m in Sources */,
				2FBFE4C315C2D4F40035C0F6 /* SimpleWebViewController.m in Sources */,
				2FC0B16915C85F710020CCFC /* AdhawkErrorViewController.m in Sources */,
				2FBD846215CB0F38001C128F /* AdHawkLocationManager.m in Sources */,
				2FBD846515CC1A92001C128F /* PreferencesViewController.m in Sources */,
				2F272AF715CC52150029BEB2 /* AdHawkPreferencesManager.m in Sources */,
			);
			runOnlyForDeploymentPostprocessing = 0;
		};
/* End PBXSourcesBuildPhase section */

/* Begin PBXVariantGroup section */
		2FD8C9D418A95B5700820AA8 /* InfoPlist.strings */ = {
			isa = PBXVariantGroup;
			children = (
				2FD8C9D518A95B5700820AA8 /* en */,
			);
			name = InfoPlist.strings;
			path = "../Other Sources";
			sourceTree = "<group>";
		};
		2FD8C9D718A95BBB00820AA8 /* MainStoryboard.storyboard */ = {
			isa = PBXVariantGroup;
			children = (
				2FD8C9D818A95BBB00820AA8 /* en */,
			);
			name = MainStoryboard.storyboard;
			sourceTree = "<group>";
		};
/* End PBXVariantGroup section */

/* Begin XCBuildConfiguration section */
		2F16E3C315D2B83200D7FBA7 /* AppStore */ = {
			isa = XCBuildConfiguration;
			buildSettings = {
				ALWAYS_SEARCH_USER_PATHS = NO;
				ARCHS = "$(ARCHS_STANDARD)";
				CLANG_ENABLE_OBJC_ARC = YES;
				CODE_SIGN_IDENTITY = "iPhone Distribution";
				"CODE_SIGN_IDENTITY[sdk=iphoneos*]" = "iPhone Distribution";
				COPY_PHASE_STRIP = NO;
				GCC_C_LANGUAGE_STANDARD = gnu99;
				GCC_VERSION = "";
				GCC_WARN_ABOUT_MISSING_PROTOTYPES = YES;
				GCC_WARN_ABOUT_RETURN_TYPE = YES;
				GCC_WARN_UNUSED_VARIABLE = YES;
				HEADER_SEARCH_PATHS = "\"$(BUILT_PRODUCTS_DIR)/../../Headers\"";
				INFOPLIST_PREPROCESS = NO;
				IPHONEOS_DEPLOYMENT_TARGET = 6.1;
				ONLY_ACTIVE_ARCH = YES;
				OTHER_CFLAGS = "-DNS_BLOCK_ASSERTIONS=1";
				OTHER_LDFLAGS = (
					"-ObjC",
					"-all_load",
				);
				PRODUCT_NAME = "Ad Hawk";
				PROVISIONING_PROFILE = "";
				"PROVISIONING_PROFILE[sdk=iphoneos*]" = "";
				SDKROOT = iphoneos;
				STRIP_INSTALLED_PRODUCT = NO;
				USER_HEADER_SEARCH_PATHS = "$(SOURCE_ROOT)/Vendor/**";
				VALIDATE_PRODUCT = YES;
			};
			name = AppStore;
		};
		2F16E3C415D2B83200D7FBA7 /* AppStore */ = {
			isa = XCBuildConfiguration;
			baseConfigurationReference = F2D7A69A16894332B801C8BA /* Pods.xcconfig */;
			buildSettings = {
				ALWAYS_SEARCH_USER_PATHS = NO;
				ASSETCATALOG_COMPILER_APPICON_NAME = AppIcon;
				ASSETCATALOG_COMPILER_LAUNCHIMAGE_NAME = LaunchImage;
				CLANG_ENABLE_OBJC_ARC = NO;
				CODE_SIGN_IDENTITY = "iPhone Developer";
				GCC_PRECOMPILE_PREFIX_HEADER = YES;
				GCC_PREFIX_HEADER = "Other Sources/Ad Hawk-Prefix.pch";
				GCC_VERSION = "";
				INFOPLIST_FILE = "$(SRCROOT)/Resources/Ad Hawk-Info.plist";
				INFOPLIST_PREFIX_HEADER = Resources/InfoPlist.h;
				INFOPLIST_PREPROCESS = YES;
				IPHONEOS_DEPLOYMENT_TARGET = 6.1;
				LIBRARY_SEARCH_PATHS = (
					"$(inherited)",
					"\"$(SRCROOT)/Frameworks\"",
					"\"$(SRCROOT)\"",
				);
				PRODUCT_NAME = "Ad Hawk";
				PROVISIONING_PROFILE = "";
				TARGETED_DEVICE_FAMILY = 1;
				USER_HEADER_SEARCH_PATHS = "$(SOURCE_ROOT)/SDKs/**";
				WRAPPER_EXTENSION = app;
			};
			name = AppStore;
		};
		C36B400F15023E5400937C3F /* Debug */ = {
			isa = XCBuildConfiguration;
			buildSettings = {
				ALWAYS_SEARCH_USER_PATHS = NO;
				ARCHS = "$(ARCHS_STANDARD)";
				CLANG_ENABLE_OBJC_ARC = YES;
				CODE_SIGN_IDENTITY = "iPhone Developer";
				"CODE_SIGN_IDENTITY[sdk=iphoneos*]" = "iPhone Developer";
				COPY_PHASE_STRIP = NO;
				GCC_C_LANGUAGE_STANDARD = gnu99;
				GCC_DYNAMIC_NO_PIC = NO;
				GCC_OPTIMIZATION_LEVEL = 0;
				GCC_PREPROCESSOR_DEFINITIONS = (
					"DEBUG=1",
					"$(inherited)",
				);
				GCC_SYMBOLS_PRIVATE_EXTERN = NO;
				GCC_VERSION = "";
				GCC_WARN_ABOUT_MISSING_PROTOTYPES = YES;
				GCC_WARN_ABOUT_RETURN_TYPE = YES;
				GCC_WARN_UNUSED_VARIABLE = YES;
				HEADER_SEARCH_PATHS = "\"$(BUILT_PRODUCTS_DIR)/../../Headers\"";
				INFOPLIST_PREPROCESS = NO;
				IPHONEOS_DEPLOYMENT_TARGET = 6.1;
				ONLY_ACTIVE_ARCH = YES;
				OTHER_LDFLAGS = (
					"-ObjC",
					"-all_load",
				);
				PRODUCT_NAME = "Ad Hawk";
				PROVISIONING_PROFILE = "";
				SDKROOT = iphoneos;
				STRIP_INSTALLED_PRODUCT = NO;
				USER_HEADER_SEARCH_PATHS = "$(SOURCE_ROOT)/Vendor/**";
			};
			name = Debug;
		};
		C36B401015023E5400937C3F /* Release */ = {
			isa = XCBuildConfiguration;
			buildSettings = {
				ALWAYS_SEARCH_USER_PATHS = NO;
				ARCHS = "$(ARCHS_STANDARD)";
				CLANG_ENABLE_OBJC_ARC = YES;
				CODE_SIGN_IDENTITY = "iPhone Distribution";
				"CODE_SIGN_IDENTITY[sdk=iphoneos*]" = "iPhone Developer";
				COPY_PHASE_STRIP = NO;
				GCC_C_LANGUAGE_STANDARD = gnu99;
				GCC_VERSION = "";
				GCC_WARN_ABOUT_MISSING_PROTOTYPES = YES;
				GCC_WARN_ABOUT_RETURN_TYPE = YES;
				GCC_WARN_UNUSED_VARIABLE = YES;
				HEADER_SEARCH_PATHS = "\"$(BUILT_PRODUCTS_DIR)/../../Headers\"";
				INFOPLIST_PREPROCESS = NO;
				IPHONEOS_DEPLOYMENT_TARGET = 6.1;
				ONLY_ACTIVE_ARCH = YES;
				OTHER_CFLAGS = "-DNS_BLOCK_ASSERTIONS=1";
				OTHER_LDFLAGS = (
					"-ObjC",
					"-all_load",
				);
				PRODUCT_NAME = "Ad Hawk";
				PROVISIONING_PROFILE = "";
				SDKROOT = iphoneos;
				STRIP_INSTALLED_PRODUCT = NO;
				USER_HEADER_SEARCH_PATHS = "$(SOURCE_ROOT)/Vendor/**";
				VALIDATE_PRODUCT = YES;
			};
			name = Release;
		};
		C36B401215023E5400937C3F /* Debug */ = {
			isa = XCBuildConfiguration;
			baseConfigurationReference = F2D7A69A16894332B801C8BA /* Pods.xcconfig */;
			buildSettings = {
				ALWAYS_SEARCH_USER_PATHS = NO;
				ASSETCATALOG_COMPILER_APPICON_NAME = AppIcon;
				ASSETCATALOG_COMPILER_LAUNCHIMAGE_NAME = LaunchImage;
				CLANG_ENABLE_OBJC_ARC = NO;
				CODE_SIGN_IDENTITY = "iPhone Developer";
				GCC_PRECOMPILE_PREFIX_HEADER = YES;
				GCC_PREFIX_HEADER = "Other Sources/Ad Hawk-Prefix.pch";
				GCC_VERSION = "";
				INFOPLIST_FILE = "$(SRCROOT)/Resources/Ad Hawk-Info.plist";
				INFOPLIST_PREFIX_HEADER = Resources/InfoPlist.h;
				INFOPLIST_PREPROCESS = YES;
				IPHONEOS_DEPLOYMENT_TARGET = 6.1;
				LIBRARY_SEARCH_PATHS = (
					"$(inherited)",
					"\"$(SRCROOT)/Frameworks\"",
					"\"$(SRCROOT)\"",
				);
				PRODUCT_NAME = "Ad Hawk";
				TARGETED_DEVICE_FAMILY = 1;
				USER_HEADER_SEARCH_PATHS = "$(SOURCE_ROOT)/SDKs/**";
				WRAPPER_EXTENSION = app;
			};
			name = Debug;
		};
		C36B401315023E5400937C3F /* Release */ = {
			isa = XCBuildConfiguration;
			baseConfigurationReference = F2D7A69A16894332B801C8BA /* Pods.xcconfig */;
			buildSettings = {
				ALWAYS_SEARCH_USER_PATHS = NO;
				ASSETCATALOG_COMPILER_APPICON_NAME = AppIcon;
				ASSETCATALOG_COMPILER_LAUNCHIMAGE_NAME = LaunchImage;
				CLANG_ENABLE_OBJC_ARC = NO;
				CODE_SIGN_IDENTITY = "iPhone Developer";
				GCC_PRECOMPILE_PREFIX_HEADER = YES;
				GCC_PREFIX_HEADER = "Other Sources/Ad Hawk-Prefix.pch";
				GCC_VERSION = "";
				INFOPLIST_FILE = "$(SRCROOT)/Resources/Ad Hawk-Info.plist";
				INFOPLIST_PREFIX_HEADER = Resources/InfoPlist.h;
				INFOPLIST_PREPROCESS = YES;
				IPHONEOS_DEPLOYMENT_TARGET = 6.1;
				LIBRARY_SEARCH_PATHS = (
					"$(inherited)",
					"\"$(SRCROOT)/Frameworks\"",
					"\"$(SRCROOT)\"",
				);
				PRODUCT_NAME = "Ad Hawk";
				PROVISIONING_PROFILE = "";
				TARGETED_DEVICE_FAMILY = 1;
				USER_HEADER_SEARCH_PATHS = "$(SOURCE_ROOT)/SDKs/**";
				VALIDATE_PRODUCT = NO;
				WRAPPER_EXTENSION = app;
			};
			name = Release;
		};
/* End XCBuildConfiguration section */

/* Begin XCConfigurationList section */
		C36B3FD815023E5400937C3F /* Build configuration list for PBXProject "adhawk" */ = {
			isa = XCConfigurationList;
			buildConfigurations = (
				C36B400F15023E5400937C3F /* Debug */,
				C36B401015023E5400937C3F /* Release */,
				2F16E3C315D2B83200D7FBA7 /* AppStore */,
			);
			defaultConfigurationIsVisible = 0;
			defaultConfigurationName = Release;
		};
		C36B401115023E5400937C3F /* Build configuration list for PBXNativeTarget "Ad Hawk" */ = {
			isa = XCConfigurationList;
			buildConfigurations = (
				C36B401215023E5400937C3F /* Debug */,
				C36B401315023E5400937C3F /* Release */,
				2F16E3C415D2B83200D7FBA7 /* AppStore */,
			);
			defaultConfigurationIsVisible = 0;
			defaultConfigurationName = Release;
		};
/* End XCConfigurationList section */
	};
	rootObject = C36B3FD515023E5400937C3F /* Project object */;
}
