// !$*UTF8*$!
{
	archiveVersion = 1;
	classes = {
	};
	objectVersion = 46;
	objects = {

/* Begin PBXBuildFile section */
		2F01962B15AE175A000542AC /* libTestFlight.a in Frameworks */ = {isa = PBXBuildFile; fileRef = 2F4B98AB15ACD95A00C5AB4C /* libTestFlight.a */; };
		2F01964515AE2B72000542AC /* CoreData.framework in Frameworks */ = {isa = PBXBuildFile; fileRef = 2F01964415AE2B72000542AC /* CoreData.framework */; };
		2F01964715AE2B80000542AC /* Security.framework in Frameworks */ = {isa = PBXBuildFile; fileRef = 2F01964615AE2B80000542AC /* Security.framework */; };
		2F01964915AE2B91000542AC /* libxml2.dylib in Frameworks */ = {isa = PBXBuildFile; fileRef = 2F01964815AE2B91000542AC /* libxml2.dylib */; };
		2F01964B15AE2B9A000542AC /* QuartzCore.framework in Frameworks */ = {isa = PBXBuildFile; fileRef = 2F01964A15AE2B9A000542AC /* QuartzCore.framework */; };
		2F01964C15AE2BA8000542AC /* libRestKit.a in Frameworks */ = {isa = PBXBuildFile; fileRef = 2F01963815AE2A52000542AC /* libRestKit.a */; };
		2F4B984915ACC7AC00C5AB4C /* AdDetailViewController.m in Sources */ = {isa = PBXBuildFile; fileRef = 2F4B984215ACC7AC00C5AB4C /* AdDetailViewController.m */; };
		2F4B984A15ACC7AC00C5AB4C /* AppDelegate.m in Sources */ = {isa = PBXBuildFile; fileRef = 2F4B984415ACC7AC00C5AB4C /* AppDelegate.m */; };
		2F4B984B15ACC7AC00C5AB4C /* RecorderViewController.m in Sources */ = {isa = PBXBuildFile; fileRef = 2F4B984615ACC7AC00C5AB4C /* RecorderViewController.m */; };
		2F4B984C15ACC7AC00C5AB4C /* ViewController.m in Sources */ = {isa = PBXBuildFile; fileRef = 2F4B984815ACC7AC00C5AB4C /* ViewController.m */; };
		2F4B985015ACC7DB00C5AB4C /* icon.png in Resources */ = {isa = PBXBuildFile; fileRef = 2F4B984D15ACC7DB00C5AB4C /* icon.png */; };
		2F4B985115ACC7DB00C5AB4C /* money_trans.png in Resources */ = {isa = PBXBuildFile; fileRef = 2F4B984E15ACC7DB00C5AB4C /* money_trans.png */; };
		2F4B985215ACC7DB00C5AB4C /* president_crop.jpeg in Resources */ = {isa = PBXBuildFile; fileRef = 2F4B984F15ACC7DB00C5AB4C /* president_crop.jpeg */; };
		2F4B985C15ACC7F800C5AB4C /* CADebugPrintf.cpp in Sources */ = {isa = PBXBuildFile; fileRef = 2F4B985415ACC7F800C5AB4C /* CADebugPrintf.cpp */; };
		2F4B985D15ACC7F800C5AB4C /* Codegen_wrapper.cpp in Sources */ = {isa = PBXBuildFile; fileRef = 2F4B985715ACC7F800C5AB4C /* Codegen_wrapper.cpp */; };
		2F4B985E15ACC7F800C5AB4C /* GetPCMFromFile.cpp in Sources */ = {isa = PBXBuildFile; fileRef = 2F4B985A15ACC7F800C5AB4C /* GetPCMFromFile.cpp */; };
		2F4B986C15ACC84800C5AB4C /* MainStoryboard.storyboard in Resources */ = {isa = PBXBuildFile; fileRef = 2F4B986A15ACC84800C5AB4C /* MainStoryboard.storyboard */; };
		2F4B986F15ACC8A700C5AB4C /* main.m in Sources */ = {isa = PBXBuildFile; fileRef = 2F4B986E15ACC8A700C5AB4C /* main.m */; };
		2F4B987815ACCC3500C5AB4C /* InfoPlist.strings in Resources */ = {isa = PBXBuildFile; fileRef = 2F4B987615ACCC3500C5AB4C /* InfoPlist.strings */; };
		2F4B987C15ACCC5000C5AB4C /* adhawkTests.m in Sources */ = {isa = PBXBuildFile; fileRef = 2F4B987B15ACCC5000C5AB4C /* adhawkTests.m */; };
		2F4B988615ACCDDB00C5AB4C /* InfoPlist.strings in Resources */ = {isa = PBXBuildFile; fileRef = 2F4B988115ACCC7900C5AB4C /* InfoPlist.strings */; };
		2F4B988B15ACD34400C5AB4C /* libechoprint-codegen-ios.a in Frameworks */ = {isa = PBXBuildFile; fileRef = C3CE65EA154237DA00F998E6 /* libechoprint-codegen-ios.a */; };
		2F4B988C15ACD34700C5AB4C /* libechoprint-codegen-ios.sim.a in Frameworks */ = {isa = PBXBuildFile; fileRef = C3CE65EB154237DA00F998E6 /* libechoprint-codegen-ios.sim.a */; settings = {ATTRIBUTES = (Required, ); }; };
		2F4B988D15ACD34D00C5AB4C /* libechoprint-codegen-ios.a in Frameworks */ = {isa = PBXBuildFile; fileRef = C3CE65EA154237DA00F998E6 /* libechoprint-codegen-ios.a */; };
		2F4B988E15ACD35000C5AB4C /* libechoprint-codegen-ios.sim.a in Frameworks */ = {isa = PBXBuildFile; fileRef = C3CE65EB154237DA00F998E6 /* libechoprint-codegen-ios.sim.a */; };
		2F4B98B015ACD95A00C5AB4C /* libTestFlight.a in Frameworks */ = {isa = PBXBuildFile; fileRef = 2F4B98AB15ACD95A00C5AB4C /* libTestFlight.a */; };
		2F4B98B215ACD95A00C5AB4C /* README.txt in Resources */ = {isa = PBXBuildFile; fileRef = 2F4B98AC15ACD95A00C5AB4C /* README.txt */; };
		2F4B98B415ACD95A00C5AB4C /* release_notes.txt in Resources */ = {isa = PBXBuildFile; fileRef = 2F4B98AD15ACD95A00C5AB4C /* release_notes.txt */; };
		2F4B98B515ACD99700C5AB4C /* libz.dylib in Frameworks */ = {isa = PBXBuildFile; fileRef = C39941A5153FA9A100E64F82 /* libz.dylib */; };
		2F4B98E515ACDC5500C5AB4C /* Settings.m in Sources */ = {isa = PBXBuildFile; fileRef = 2F4B98E415ACDC5500C5AB4C /* Settings.m */; };
		2F4B98E615ACDC5500C5AB4C /* Settings.m in Sources */ = {isa = PBXBuildFile; fileRef = 2F4B98E415ACDC5500C5AB4C /* Settings.m */; };
		2F8AD0CB15AF11B20004EECD /* AdHawkAPI.m in Sources */ = {isa = PBXBuildFile; fileRef = 2F8AD0CA15AF11B20004EECD /* AdHawkAPI.m */; };
		2F8AD0D115AF1EE30004EECD /* AdHawkQuery.m in Sources */ = {isa = PBXBuildFile; fileRef = 2F8AD0D015AF1EE30004EECD /* AdHawkQuery.m */; };
		2F8AD0D415AF22C70004EECD /* AdHawkAd.m in Sources */ = {isa = PBXBuildFile; fileRef = 2F8AD0D315AF22C70004EECD /* AdHawkAd.m */; };
		2FFB536215ADDBE20069A722 /* GSAPI.m in Sources */ = {isa = PBXBuildFile; fileRef = 2FFB533715ADDBE20069A722 /* GSAPI.m */; };
		2FFB536315ADDBE20069A722 /* GSAPI_Internal.m in Sources */ = {isa = PBXBuildFile; fileRef = 2FFB533915ADDBE20069A722 /* GSAPI_Internal.m */; };
		2FFB536415ADDBE20069A722 /* GSContext.m in Sources */ = {isa = PBXBuildFile; fileRef = 2FFB533B15ADDBE20069A722 /* GSContext.m */; };
		2FFB536515ADDBE20069A722 /* GSFacebook.m in Sources */ = {isa = PBXBuildFile; fileRef = 2FFB533E15ADDBE20069A722 /* GSFacebook.m */; };
		2FFB536615ADDBE20069A722 /* GSFBDialog.bundle in Resources */ = {isa = PBXBuildFile; fileRef = 2FFB534015ADDBE20069A722 /* GSFBDialog.bundle */; };
		2FFB536715ADDBE20069A722 /* GSFBDialog.m in Sources */ = {isa = PBXBuildFile; fileRef = 2FFB534215ADDBE20069A722 /* GSFBDialog.m */; };
		2FFB536815ADDBE20069A722 /* GSFBLoginDialog.m in Sources */ = {isa = PBXBuildFile; fileRef = 2FFB534415ADDBE20069A722 /* GSFBLoginDialog.m */; };
		2FFB536915ADDBE20069A722 /* GSFBRequest.m in Sources */ = {isa = PBXBuildFile; fileRef = 2FFB534615ADDBE20069A722 /* GSFBRequest.m */; };
		2FFB536A15ADDBE20069A722 /* GSLogger.m in Sources */ = {isa = PBXBuildFile; fileRef = 2FFB534815ADDBE20069A722 /* GSLogger.m */; };
		2FFB536B15ADDBE20069A722 /* GSObject.m in Sources */ = {isa = PBXBuildFile; fileRef = 2FFB534A15ADDBE20069A722 /* GSObject.m */; };
		2FFB536C15ADDBE20069A722 /* GSRequest.m in Sources */ = {isa = PBXBuildFile; fileRef = 2FFB534C15ADDBE20069A722 /* GSRequest.m */; };
		2FFB536D15ADDBE20069A722 /* GSResponse.m in Sources */ = {isa = PBXBuildFile; fileRef = 2FFB534E15ADDBE20069A722 /* GSResponse.m */; };
		2FFB536E15ADDBE20069A722 /* GSSession.m in Sources */ = {isa = PBXBuildFile; fileRef = 2FFB535015ADDBE20069A722 /* GSSession.m */; };
		2FFB536F15ADDBE20069A722 /* GSWebViewController.m in Sources */ = {isa = PBXBuildFile; fileRef = 2FFB535215ADDBE20069A722 /* GSWebViewController.m */; };
		2FFB537015ADDBE20069A722 /* GSWebViewController.xib in Resources */ = {isa = PBXBuildFile; fileRef = 2FFB535315ADDBE20069A722 /* GSWebViewController.xib */; };
		2FFB537115ADDBE20069A722 /* NSObject+SBJSON.m in Sources */ = {isa = PBXBuildFile; fileRef = 2FFB535715ADDBE20069A722 /* NSObject+SBJSON.m */; };
		2FFB537215ADDBE20069A722 /* NSString+SBJSON.m in Sources */ = {isa = PBXBuildFile; fileRef = 2FFB535915ADDBE20069A722 /* NSString+SBJSON.m */; };
		2FFB537315ADDBE20069A722 /* SBJSON.m in Sources */ = {isa = PBXBuildFile; fileRef = 2FFB535B15ADDBE20069A722 /* SBJSON.m */; };
		2FFB537415ADDBE20069A722 /* SBJsonBase.m in Sources */ = {isa = PBXBuildFile; fileRef = 2FFB535D15ADDBE20069A722 /* SBJsonBase.m */; };
		2FFB537515ADDBE20069A722 /* SBJsonParser.m in Sources */ = {isa = PBXBuildFile; fileRef = 2FFB535F15ADDBE20069A722 /* SBJsonParser.m */; };
		2FFB537615ADDBE20069A722 /* SBJsonWriter.m in Sources */ = {isa = PBXBuildFile; fileRef = 2FFB536115ADDBE20069A722 /* SBJsonWriter.m */; };
		2FFB537D15ADF6DC0069A722 /* Twitter.framework in Frameworks */ = {isa = PBXBuildFile; fileRef = 2FFB537C15ADF6DC0069A722 /* Twitter.framework */; };
		2FFB537F15ADF7200069A722 /* Accounts.framework in Frameworks */ = {isa = PBXBuildFile; fileRef = 2FFB537E15ADF7200069A722 /* Accounts.framework */; };
		C36B3FE315023E5400937C3F /* UIKit.framework in Frameworks */ = {isa = PBXBuildFile; fileRef = C36B3FE215023E5400937C3F /* UIKit.framework */; };
		C36B3FE515023E5400937C3F /* Foundation.framework in Frameworks */ = {isa = PBXBuildFile; fileRef = C36B3FE415023E5400937C3F /* Foundation.framework */; };
		C36B3FE715023E5400937C3F /* CoreGraphics.framework in Frameworks */ = {isa = PBXBuildFile; fileRef = C36B3FE615023E5400937C3F /* CoreGraphics.framework */; };
		C36B400115023E5400937C3F /* SenTestingKit.framework in Frameworks */ = {isa = PBXBuildFile; fileRef = C36B400015023E5400937C3F /* SenTestingKit.framework */; };
		C36B400215023E5400937C3F /* UIKit.framework in Frameworks */ = {isa = PBXBuildFile; fileRef = C36B3FE215023E5400937C3F /* UIKit.framework */; };
		C36B400315023E5400937C3F /* Foundation.framework in Frameworks */ = {isa = PBXBuildFile; fileRef = C36B3FE415023E5400937C3F /* Foundation.framework */; };
		C39941A6153FA9A100E64F82 /* libz.dylib in Frameworks */ = {isa = PBXBuildFile; fileRef = C39941A5153FA9A100E64F82 /* libz.dylib */; };
		C39941B6153FAA8100E64F82 /* MediaPlayer.framework in Frameworks */ = {isa = PBXBuildFile; fileRef = C39941B4153FAA7400E64F82 /* MediaPlayer.framework */; };
		C39941B9153FAAA100E64F82 /* AudioToolbox.framework in Frameworks */ = {isa = PBXBuildFile; fileRef = C39941B7153FAA9200E64F82 /* AudioToolbox.framework */; };
		C39941BB153FAAD000E64F82 /* CFNetwork.framework in Frameworks */ = {isa = PBXBuildFile; fileRef = C39941BA153FAAD000E64F82 /* CFNetwork.framework */; };
		C39941BD153FAAD900E64F82 /* MobileCoreServices.framework in Frameworks */ = {isa = PBXBuildFile; fileRef = C39941BC153FAAD900E64F82 /* MobileCoreServices.framework */; };
		C39941BF153FAADF00E64F82 /* SystemConfiguration.framework in Frameworks */ = {isa = PBXBuildFile; fileRef = C39941BE153FAADF00E64F82 /* SystemConfiguration.framework */; };
		C3C01699153A80F700D56553 /* AVFoundation.framework in Frameworks */ = {isa = PBXBuildFile; fileRef = C3C01697153A80EB00D56553 /* AVFoundation.framework */; };
/* End PBXBuildFile section */

/* Begin PBXContainerItemProxy section */
		2F01963715AE2A52000542AC /* PBXContainerItemProxy */ = {
			isa = PBXContainerItemProxy;
			containerPortal = 2F01962C15AE2A52000542AC /* RestKit.xcodeproj */;
			proxyType = 2;
			remoteGlobalIDString = 25160D1614564E810060A5C5;
			remoteInfo = RestKit;
		};
		2F01963915AE2A52000542AC /* PBXContainerItemProxy */ = {
			isa = PBXContainerItemProxy;
			containerPortal = 2F01962C15AE2A52000542AC /* RestKit.xcodeproj */;
			proxyType = 2;
			remoteGlobalIDString = 25160D2614564E820060A5C5;
			remoteInfo = RestKitTests;
		};
		2F01963B15AE2A52000542AC /* PBXContainerItemProxy */ = {
			isa = PBXContainerItemProxy;
			containerPortal = 2F01962C15AE2A52000542AC /* RestKit.xcodeproj */;
			proxyType = 2;
			remoteGlobalIDString = 25160E62145651060060A5C5;
			remoteInfo = RestKitFramework;
		};
		2F01963D15AE2A52000542AC /* PBXContainerItemProxy */ = {
			isa = PBXContainerItemProxy;
			containerPortal = 2F01962C15AE2A52000542AC /* RestKit.xcodeproj */;
			proxyType = 2;
			remoteGlobalIDString = 25160E78145651060060A5C5;
			remoteInfo = RestKitFrameworkTests;
		};
		2F01963F15AE2A52000542AC /* PBXContainerItemProxy */ = {
			isa = PBXContainerItemProxy;
			containerPortal = 2F01962C15AE2A52000542AC /* RestKit.xcodeproj */;
			proxyType = 2;
			remoteGlobalIDString = 259C301615128079003066A2;
			remoteInfo = RestKitResources;
		};
		2F01964215AE2B5A000542AC /* PBXContainerItemProxy */ = {
			isa = PBXContainerItemProxy;
			containerPortal = 2F01962C15AE2A52000542AC /* RestKit.xcodeproj */;
			proxyType = 1;
			remoteGlobalIDString = 25160D1514564E810060A5C5;
			remoteInfo = RestKit;
		};
		C36B400415023E5400937C3F /* PBXContainerItemProxy */ = {
			isa = PBXContainerItemProxy;
			containerPortal = C36B3FD515023E5400937C3F /* Project object */;
			proxyType = 1;
			remoteGlobalIDString = C36B3FDD15023E5400937C3F;
			remoteInfo = whopaid;
		};
/* End PBXContainerItemProxy section */

/* Begin PBXFileReference section */
		2F01962C15AE2A52000542AC /* RestKit.xcodeproj */ = {isa = PBXFileReference; lastKnownFileType = "wrapper.pb-project"; name = RestKit.xcodeproj; path = SDKs/RestKit/RestKit.xcodeproj; sourceTree = "<group>"; };
		2F01964415AE2B72000542AC /* CoreData.framework */ = {isa = PBXFileReference; lastKnownFileType = wrapper.framework; name = CoreData.framework; path = System/Library/Frameworks/CoreData.framework; sourceTree = SDKROOT; };
		2F01964615AE2B80000542AC /* Security.framework */ = {isa = PBXFileReference; lastKnownFileType = wrapper.framework; name = Security.framework; path = System/Library/Frameworks/Security.framework; sourceTree = SDKROOT; };
		2F01964815AE2B91000542AC /* libxml2.dylib */ = {isa = PBXFileReference; lastKnownFileType = "compiled.mach-o.dylib"; name = libxml2.dylib; path = usr/lib/libxml2.dylib; sourceTree = SDKROOT; };
		2F01964A15AE2B9A000542AC /* QuartzCore.framework */ = {isa = PBXFileReference; lastKnownFileType = wrapper.framework; name = QuartzCore.framework; path = System/Library/Frameworks/QuartzCore.framework; sourceTree = SDKROOT; };
		2F4B984115ACC7AC00C5AB4C /* AdDetailViewController.h */ = {isa = PBXFileReference; fileEncoding = 4; lastKnownFileType = sourcecode.c.h; name = AdDetailViewController.h; path = adhawk/Classes/AdDetailViewController.h; sourceTree = SOURCE_ROOT; };
		2F4B984215ACC7AC00C5AB4C /* AdDetailViewController.m */ = {isa = PBXFileReference; fileEncoding = 4; lastKnownFileType = sourcecode.c.objc; name = AdDetailViewController.m; path = adhawk/Classes/AdDetailViewController.m; sourceTree = SOURCE_ROOT; };
		2F4B984315ACC7AC00C5AB4C /* AppDelegate.h */ = {isa = PBXFileReference; fileEncoding = 4; lastKnownFileType = sourcecode.c.h; name = AppDelegate.h; path = adhawk/Classes/AppDelegate.h; sourceTree = SOURCE_ROOT; };
		2F4B984415ACC7AC00C5AB4C /* AppDelegate.m */ = {isa = PBXFileReference; fileEncoding = 4; lastKnownFileType = sourcecode.c.objc; name = AppDelegate.m; path = adhawk/Classes/AppDelegate.m; sourceTree = SOURCE_ROOT; };
		2F4B984515ACC7AC00C5AB4C /* RecorderViewController.h */ = {isa = PBXFileReference; fileEncoding = 4; lastKnownFileType = sourcecode.c.h; name = RecorderViewController.h; path = adhawk/Classes/RecorderViewController.h; sourceTree = SOURCE_ROOT; };
		2F4B984615ACC7AC00C5AB4C /* RecorderViewController.m */ = {isa = PBXFileReference; fileEncoding = 4; lastKnownFileType = sourcecode.c.objc; name = RecorderViewController.m; path = adhawk/Classes/RecorderViewController.m; sourceTree = SOURCE_ROOT; };
		2F4B984715ACC7AC00C5AB4C /* ViewController.h */ = {isa = PBXFileReference; fileEncoding = 4; lastKnownFileType = sourcecode.c.h; name = ViewController.h; path = adhawk/Classes/ViewController.h; sourceTree = SOURCE_ROOT; };
		2F4B984815ACC7AC00C5AB4C /* ViewController.m */ = {isa = PBXFileReference; fileEncoding = 4; lastKnownFileType = sourcecode.c.objc; name = ViewController.m; path = adhawk/Classes/ViewController.m; sourceTree = SOURCE_ROOT; };
		2F4B984D15ACC7DB00C5AB4C /* icon.png */ = {isa = PBXFileReference; lastKnownFileType = image.png; name = icon.png; path = adhawk/icon.png; sourceTree = SOURCE_ROOT; };
		2F4B984E15ACC7DB00C5AB4C /* money_trans.png */ = {isa = PBXFileReference; lastKnownFileType = image.png; name = money_trans.png; path = adhawk/money_trans.png; sourceTree = SOURCE_ROOT; };
		2F4B984F15ACC7DB00C5AB4C /* president_crop.jpeg */ = {isa = PBXFileReference; lastKnownFileType = image.jpeg; name = president_crop.jpeg; path = adhawk/president_crop.jpeg; sourceTree = SOURCE_ROOT; };
		2F4B985315ACC7F800C5AB4C /* CADebugMacros.h */ = {isa = PBXFileReference; fileEncoding = 4; lastKnownFileType = sourcecode.c.h; name = CADebugMacros.h; path = adhawk/Classes/CADebugMacros.h; sourceTree = SOURCE_ROOT; };
		2F4B985415ACC7F800C5AB4C /* CADebugPrintf.cpp */ = {isa = PBXFileReference; fileEncoding = 4; lastKnownFileType = sourcecode.cpp.cpp; name = CADebugPrintf.cpp; path = adhawk/Classes/CADebugPrintf.cpp; sourceTree = SOURCE_ROOT; };
		2F4B985515ACC7F800C5AB4C /* CADebugPrintf.h */ = {isa = PBXFileReference; fileEncoding = 4; lastKnownFileType = sourcecode.c.h; name = CADebugPrintf.h; path = adhawk/Classes/CADebugPrintf.h; sourceTree = SOURCE_ROOT; };
		2F4B985615ACC7F800C5AB4C /* CAStreamBasicDescription.h */ = {isa = PBXFileReference; fileEncoding = 4; lastKnownFileType = sourcecode.c.h; name = CAStreamBasicDescription.h; path = adhawk/Classes/CAStreamBasicDescription.h; sourceTree = SOURCE_ROOT; };
		2F4B985715ACC7F800C5AB4C /* Codegen_wrapper.cpp */ = {isa = PBXFileReference; fileEncoding = 4; lastKnownFileType = sourcecode.cpp.cpp; name = Codegen_wrapper.cpp; path = adhawk/Classes/Codegen_wrapper.cpp; sourceTree = SOURCE_ROOT; };
		2F4B985815ACC7F800C5AB4C /* Codegen_wrapper.h */ = {isa = PBXFileReference; fileEncoding = 4; lastKnownFileType = sourcecode.c.h; name = Codegen_wrapper.h; path = adhawk/Classes/Codegen_wrapper.h; sourceTree = SOURCE_ROOT; };
		2F4B985915ACC7F800C5AB4C /* Codegen.h */ = {isa = PBXFileReference; fileEncoding = 4; lastKnownFileType = sourcecode.c.h; name = Codegen.h; path = adhawk/Classes/Codegen.h; sourceTree = SOURCE_ROOT; };
		2F4B985A15ACC7F800C5AB4C /* GetPCMFromFile.cpp */ = {isa = PBXFileReference; fileEncoding = 4; lastKnownFileType = sourcecode.cpp.cpp; name = GetPCMFromFile.cpp; path = adhawk/Classes/GetPCMFromFile.cpp; sourceTree = SOURCE_ROOT; };
		2F4B985B15ACC7F800C5AB4C /* GetPCMFromFile.h */ = {isa = PBXFileReference; fileEncoding = 4; lastKnownFileType = sourcecode.c.h; name = GetPCMFromFile.h; path = adhawk/Classes/GetPCMFromFile.h; sourceTree = SOURCE_ROOT; };
		2F4B985F15ACC80E00C5AB4C /* echoprint_Prefix.pch */ = {isa = PBXFileReference; fileEncoding = 4; lastKnownFileType = sourcecode.c.h; name = echoprint_Prefix.pch; path = adhawk/echoprint_Prefix.pch; sourceTree = SOURCE_ROOT; };
		2F4B986B15ACC84800C5AB4C /* en */ = {isa = PBXFileReference; lastKnownFileType = file.storyboard; name = en; path = adhawk/en.lproj/MainStoryboard.storyboard; sourceTree = SOURCE_ROOT; };
		2F4B986E15ACC8A700C5AB4C /* main.m */ = {isa = PBXFileReference; fileEncoding = 4; lastKnownFileType = sourcecode.c.objc; name = main.m; path = adhawk/Classes/main.m; sourceTree = SOURCE_ROOT; };
		2F4B987715ACCC3500C5AB4C /* en */ = {isa = PBXFileReference; lastKnownFileType = text.plist.strings; name = en; path = adhawk/en.lproj/InfoPlist.strings; sourceTree = SOURCE_ROOT; };
		2F4B987A15ACCC5000C5AB4C /* adhawkTests.h */ = {isa = PBXFileReference; fileEncoding = 4; lastKnownFileType = sourcecode.c.h; name = adhawkTests.h; path = adhawkTests/adhawkTests.h; sourceTree = SOURCE_ROOT; };
		2F4B987B15ACCC5000C5AB4C /* adhawkTests.m */ = {isa = PBXFileReference; fileEncoding = 4; lastKnownFileType = sourcecode.c.objc; name = adhawkTests.m; path = adhawkTests/adhawkTests.m; sourceTree = SOURCE_ROOT; };
		2F4B987E15ACCC6A00C5AB4C /* Ad HawkTests-Info.plist */ = {isa = PBXFileReference; fileEncoding = 4; lastKnownFileType = text.plist; name = "Ad HawkTests-Info.plist"; path = "Users/dcloud/code/objc/adhawk-ios/adhawkTests/Ad HawkTests-Info.plist"; sourceTree = SDKROOT; };
		2F4B988215ACCC7900C5AB4C /* en */ = {isa = PBXFileReference; lastKnownFileType = text.plist.strings; name = en; path = adhawkTests/en.lproj/InfoPlist.strings; sourceTree = SOURCE_ROOT; };
		2F4B98AB15ACD95A00C5AB4C /* libTestFlight.a */ = {isa = PBXFileReference; lastKnownFileType = archive.ar; path = libTestFlight.a; sourceTree = "<group>"; };
		2F4B98AC15ACD95A00C5AB4C /* README.txt */ = {isa = PBXFileReference; fileEncoding = 4; lastKnownFileType = text; path = README.txt; sourceTree = "<group>"; };
		2F4B98AD15ACD95A00C5AB4C /* release_notes.txt */ = {isa = PBXFileReference; fileEncoding = 4; lastKnownFileType = text; path = release_notes.txt; sourceTree = "<group>"; };
		2F4B98AE15ACD95A00C5AB4C /* TestFlight.h */ = {isa = PBXFileReference; fileEncoding = 4; lastKnownFileType = sourcecode.c.h; path = TestFlight.h; sourceTree = "<group>"; };
		2F4B98E415ACDC5500C5AB4C /* Settings.m */ = {isa = PBXFileReference; fileEncoding = 4; lastKnownFileType = sourcecode.c.objc; name = Settings.m; path = adhawk/Classes/Config/Settings.m; sourceTree = SOURCE_ROOT; };
		2F4B98E715ACDCEA00C5AB4C /* Settings.h */ = {isa = PBXFileReference; lastKnownFileType = sourcecode.c.h; name = Settings.h; path = adhawk/Classes/Config/Settings.h; sourceTree = SOURCE_ROOT; };
		2F8AD0C915AF11B20004EECD /* AdHawkAPI.h */ = {isa = PBXFileReference; fileEncoding = 4; lastKnownFileType = sourcecode.c.h; name = AdHawkAPI.h; path = adhawk/Classes/Services/AdHawkAPI.h; sourceTree = SOURCE_ROOT; };
		2F8AD0CA15AF11B20004EECD /* AdHawkAPI.m */ = {isa = PBXFileReference; fileEncoding = 4; lastKnownFileType = sourcecode.c.objc; name = AdHawkAPI.m; path = adhawk/Classes/Services/AdHawkAPI.m; sourceTree = SOURCE_ROOT; };
		2F8AD0CF15AF1EE30004EECD /* AdHawkQuery.h */ = {isa = PBXFileReference; fileEncoding = 4; lastKnownFileType = sourcecode.c.h; name = AdHawkQuery.h; path = adhawk/Classes/Services/AdHawkQuery.h; sourceTree = SOURCE_ROOT; };
		2F8AD0D015AF1EE30004EECD /* AdHawkQuery.m */ = {isa = PBXFileReference; fileEncoding = 4; lastKnownFileType = sourcecode.c.objc; name = AdHawkQuery.m; path = adhawk/Classes/Services/AdHawkQuery.m; sourceTree = SOURCE_ROOT; };
		2F8AD0D215AF22C70004EECD /* AdHawkAd.h */ = {isa = PBXFileReference; fileEncoding = 4; lastKnownFileType = sourcecode.c.h; name = AdHawkAd.h; path = adhawk/Classes/Services/AdHawkAd.h; sourceTree = SOURCE_ROOT; };
		2F8AD0D315AF22C70004EECD /* AdHawkAd.m */ = {isa = PBXFileReference; fileEncoding = 4; lastKnownFileType = sourcecode.c.objc; name = AdHawkAd.m; path = adhawk/Classes/Services/AdHawkAd.m; sourceTree = SOURCE_ROOT; };
		2F93476E15AE111500FE5749 /* Ad Hawk-Info.plist */ = {isa = PBXFileReference; fileEncoding = 4; lastKnownFileType = text.plist.xml; name = "Ad Hawk-Info.plist"; path = "adhawk/Ad Hawk-Info.plist"; sourceTree = SOURCE_ROOT; };
		2F93477115AE112100FE5749 /* Ad Hawk-Prefix.pch */ = {isa = PBXFileReference; fileEncoding = 4; lastKnownFileType = sourcecode.c.h; name = "Ad Hawk-Prefix.pch"; path = "adhawk/Ad Hawk-Prefix.pch"; sourceTree = SOURCE_ROOT; };
		2FFB533615ADDBE20069A722 /* GSAPI.h */ = {isa = PBXFileReference; fileEncoding = 4; lastKnownFileType = sourcecode.c.h; path = GSAPI.h; sourceTree = "<group>"; };
		2FFB533715ADDBE20069A722 /* GSAPI.m */ = {isa = PBXFileReference; fileEncoding = 4; lastKnownFileType = sourcecode.c.objc; path = GSAPI.m; sourceTree = "<group>"; };
		2FFB533815ADDBE20069A722 /* GSAPI_Internal.h */ = {isa = PBXFileReference; fileEncoding = 4; lastKnownFileType = sourcecode.c.h; path = GSAPI_Internal.h; sourceTree = "<group>"; };
		2FFB533915ADDBE20069A722 /* GSAPI_Internal.m */ = {isa = PBXFileReference; fileEncoding = 4; lastKnownFileType = sourcecode.c.objc; path = GSAPI_Internal.m; sourceTree = "<group>"; };
		2FFB533A15ADDBE20069A722 /* GSContext.h */ = {isa = PBXFileReference; fileEncoding = 4; lastKnownFileType = sourcecode.c.h; path = GSContext.h; sourceTree = "<group>"; };
		2FFB533B15ADDBE20069A722 /* GSContext.m */ = {isa = PBXFileReference; fileEncoding = 4; lastKnownFileType = sourcecode.c.objc; path = GSContext.m; sourceTree = "<group>"; };
		2FFB533D15ADDBE20069A722 /* GSFacebook.h */ = {isa = PBXFileReference; fileEncoding = 4; lastKnownFileType = sourcecode.c.h; path = GSFacebook.h; sourceTree = "<group>"; };
		2FFB533E15ADDBE20069A722 /* GSFacebook.m */ = {isa = PBXFileReference; fileEncoding = 4; lastKnownFileType = sourcecode.c.objc; path = GSFacebook.m; sourceTree = "<group>"; };
		2FFB533F15ADDBE20069A722 /* GSFBConnect.h */ = {isa = PBXFileReference; fileEncoding = 4; lastKnownFileType = sourcecode.c.h; path = GSFBConnect.h; sourceTree = "<group>"; };
		2FFB534015ADDBE20069A722 /* GSFBDialog.bundle */ = {isa = PBXFileReference; lastKnownFileType = "wrapper.plug-in"; path = GSFBDialog.bundle; sourceTree = "<group>"; };
		2FFB534115ADDBE20069A722 /* GSFBDialog.h */ = {isa = PBXFileReference; fileEncoding = 4; lastKnownFileType = sourcecode.c.h; path = GSFBDialog.h; sourceTree = "<group>"; };
		2FFB534215ADDBE20069A722 /* GSFBDialog.m */ = {isa = PBXFileReference; fileEncoding = 4; lastKnownFileType = sourcecode.c.objc; path = GSFBDialog.m; sourceTree = "<group>"; };
		2FFB534315ADDBE20069A722 /* GSFBLoginDialog.h */ = {isa = PBXFileReference; fileEncoding = 4; lastKnownFileType = sourcecode.c.h; path = GSFBLoginDialog.h; sourceTree = "<group>"; };
		2FFB534415ADDBE20069A722 /* GSFBLoginDialog.m */ = {isa = PBXFileReference; fileEncoding = 4; lastKnownFileType = sourcecode.c.objc; path = GSFBLoginDialog.m; sourceTree = "<group>"; };
		2FFB534515ADDBE20069A722 /* GSFBRequest.h */ = {isa = PBXFileReference; fileEncoding = 4; lastKnownFileType = sourcecode.c.h; path = GSFBRequest.h; sourceTree = "<group>"; };
		2FFB534615ADDBE20069A722 /* GSFBRequest.m */ = {isa = PBXFileReference; fileEncoding = 4; lastKnownFileType = sourcecode.c.objc; path = GSFBRequest.m; sourceTree = "<group>"; };
		2FFB534715ADDBE20069A722 /* GSLogger.h */ = {isa = PBXFileReference; fileEncoding = 4; lastKnownFileType = sourcecode.c.h; path = GSLogger.h; sourceTree = "<group>"; };
		2FFB534815ADDBE20069A722 /* GSLogger.m */ = {isa = PBXFileReference; fileEncoding = 4; lastKnownFileType = sourcecode.c.objc; path = GSLogger.m; sourceTree = "<group>"; };
		2FFB534915ADDBE20069A722 /* GSObject.h */ = {isa = PBXFileReference; fileEncoding = 4; lastKnownFileType = sourcecode.c.h; path = GSObject.h; sourceTree = "<group>"; };
		2FFB534A15ADDBE20069A722 /* GSObject.m */ = {isa = PBXFileReference; fileEncoding = 4; lastKnownFileType = sourcecode.c.objc; path = GSObject.m; sourceTree = "<group>"; };
		2FFB534B15ADDBE20069A722 /* GSRequest.h */ = {isa = PBXFileReference; fileEncoding = 4; lastKnownFileType = sourcecode.c.h; path = GSRequest.h; sourceTree = "<group>"; };
		2FFB534C15ADDBE20069A722 /* GSRequest.m */ = {isa = PBXFileReference; fileEncoding = 4; lastKnownFileType = sourcecode.c.objc; path = GSRequest.m; sourceTree = "<group>"; };
		2FFB534D15ADDBE20069A722 /* GSResponse.h */ = {isa = PBXFileReference; fileEncoding = 4; lastKnownFileType = sourcecode.c.h; path = GSResponse.h; sourceTree = "<group>"; };
		2FFB534E15ADDBE20069A722 /* GSResponse.m */ = {isa = PBXFileReference; fileEncoding = 4; lastKnownFileType = sourcecode.c.objc; path = GSResponse.m; sourceTree = "<group>"; };
		2FFB534F15ADDBE20069A722 /* GSSession.h */ = {isa = PBXFileReference; fileEncoding = 4; lastKnownFileType = sourcecode.c.h; path = GSSession.h; sourceTree = "<group>"; };
		2FFB535015ADDBE20069A722 /* GSSession.m */ = {isa = PBXFileReference; fileEncoding = 4; lastKnownFileType = sourcecode.c.objc; path = GSSession.m; sourceTree = "<group>"; };
		2FFB535115ADDBE20069A722 /* GSWebViewController.h */ = {isa = PBXFileReference; fileEncoding = 4; lastKnownFileType = sourcecode.c.h; path = GSWebViewController.h; sourceTree = "<group>"; };
		2FFB535215ADDBE20069A722 /* GSWebViewController.m */ = {isa = PBXFileReference; fileEncoding = 4; lastKnownFileType = sourcecode.c.objc; path = GSWebViewController.m; sourceTree = "<group>"; };
		2FFB535315ADDBE20069A722 /* GSWebViewController.xib */ = {isa = PBXFileReference; fileEncoding = 4; lastKnownFileType = file.xib; path = GSWebViewController.xib; sourceTree = "<group>"; };
		2FFB535515ADDBE20069A722 /* JSON.h */ = {isa = PBXFileReference; fileEncoding = 4; lastKnownFileType = sourcecode.c.h; path = JSON.h; sourceTree = "<group>"; };
		2FFB535615ADDBE20069A722 /* NSObject+SBJSON.h */ = {isa = PBXFileReference; fileEncoding = 4; lastKnownFileType = sourcecode.c.h; path = "NSObject+SBJSON.h"; sourceTree = "<group>"; };
		2FFB535715ADDBE20069A722 /* NSObject+SBJSON.m */ = {isa = PBXFileReference; fileEncoding = 4; lastKnownFileType = sourcecode.c.objc; path = "NSObject+SBJSON.m"; sourceTree = "<group>"; };
		2FFB535815ADDBE20069A722 /* NSString+SBJSON.h */ = {isa = PBXFileReference; fileEncoding = 4; lastKnownFileType = sourcecode.c.h; path = "NSString+SBJSON.h"; sourceTree = "<group>"; };
		2FFB535915ADDBE20069A722 /* NSString+SBJSON.m */ = {isa = PBXFileReference; fileEncoding = 4; lastKnownFileType = sourcecode.c.objc; path = "NSString+SBJSON.m"; sourceTree = "<group>"; };
		2FFB535A15ADDBE20069A722 /* SBJSON.h */ = {isa = PBXFileReference; fileEncoding = 4; lastKnownFileType = sourcecode.c.h; path = SBJSON.h; sourceTree = "<group>"; };
		2FFB535B15ADDBE20069A722 /* SBJSON.m */ = {isa = PBXFileReference; fileEncoding = 4; lastKnownFileType = sourcecode.c.objc; path = SBJSON.m; sourceTree = "<group>"; };
		2FFB535C15ADDBE20069A722 /* SBJsonBase.h */ = {isa = PBXFileReference; fileEncoding = 4; lastKnownFileType = sourcecode.c.h; path = SBJsonBase.h; sourceTree = "<group>"; };
		2FFB535D15ADDBE20069A722 /* SBJsonBase.m */ = {isa = PBXFileReference; fileEncoding = 4; lastKnownFileType = sourcecode.c.objc; path = SBJsonBase.m; sourceTree = "<group>"; };
		2FFB535E15ADDBE20069A722 /* SBJsonParser.h */ = {isa = PBXFileReference; fileEncoding = 4; lastKnownFileType = sourcecode.c.h; path = SBJsonParser.h; sourceTree = "<group>"; };
		2FFB535F15ADDBE20069A722 /* SBJsonParser.m */ = {isa = PBXFileReference; fileEncoding = 4; lastKnownFileType = sourcecode.c.objc; path = SBJsonParser.m; sourceTree = "<group>"; };
		2FFB536015ADDBE20069A722 /* SBJsonWriter.h */ = {isa = PBXFileReference; fileEncoding = 4; lastKnownFileType = sourcecode.c.h; path = SBJsonWriter.h; sourceTree = "<group>"; };
		2FFB536115ADDBE20069A722 /* SBJsonWriter.m */ = {isa = PBXFileReference; fileEncoding = 4; lastKnownFileType = sourcecode.c.objc; path = SBJsonWriter.m; sourceTree = "<group>"; };
		2FFB537C15ADF6DC0069A722 /* Twitter.framework */ = {isa = PBXFileReference; lastKnownFileType = wrapper.framework; name = Twitter.framework; path = System/Library/Frameworks/Twitter.framework; sourceTree = SDKROOT; };
		2FFB537E15ADF7200069A722 /* Accounts.framework */ = {isa = PBXFileReference; lastKnownFileType = wrapper.framework; name = Accounts.framework; path = System/Library/Frameworks/Accounts.framework; sourceTree = SDKROOT; };
		C36B3FDE15023E5400937C3F /* Ad Hawk.app */ = {isa = PBXFileReference; explicitFileType = wrapper.application; includeInIndex = 0; path = "Ad Hawk.app"; sourceTree = BUILT_PRODUCTS_DIR; };
		C36B3FE215023E5400937C3F /* UIKit.framework */ = {isa = PBXFileReference; lastKnownFileType = wrapper.framework; name = UIKit.framework; path = System/Library/Frameworks/UIKit.framework; sourceTree = SDKROOT; };
		C36B3FE415023E5400937C3F /* Foundation.framework */ = {isa = PBXFileReference; lastKnownFileType = wrapper.framework; name = Foundation.framework; path = System/Library/Frameworks/Foundation.framework; sourceTree = SDKROOT; };
		C36B3FE615023E5400937C3F /* CoreGraphics.framework */ = {isa = PBXFileReference; lastKnownFileType = wrapper.framework; name = CoreGraphics.framework; path = System/Library/Frameworks/CoreGraphics.framework; sourceTree = SDKROOT; };
		C36B3FFF15023E5400937C3F /* Ad HawkTests.octest */ = {isa = PBXFileReference; explicitFileType = wrapper.cfbundle; includeInIndex = 0; path = "Ad HawkTests.octest"; sourceTree = BUILT_PRODUCTS_DIR; };
		C36B400015023E5400937C3F /* SenTestingKit.framework */ = {isa = PBXFileReference; lastKnownFileType = wrapper.framework; name = SenTestingKit.framework; path = Library/Frameworks/SenTestingKit.framework; sourceTree = DEVELOPER_DIR; };
		C39941A5153FA9A100E64F82 /* libz.dylib */ = {isa = PBXFileReference; lastKnownFileType = "compiled.mach-o.dylib"; name = libz.dylib; path = usr/lib/libz.dylib; sourceTree = SDKROOT; };
		C39941B4153FAA7400E64F82 /* MediaPlayer.framework */ = {isa = PBXFileReference; lastKnownFileType = wrapper.framework; name = MediaPlayer.framework; path = System/Library/Frameworks/MediaPlayer.framework; sourceTree = SDKROOT; };
		C39941B7153FAA9200E64F82 /* AudioToolbox.framework */ = {isa = PBXFileReference; lastKnownFileType = wrapper.framework; name = AudioToolbox.framework; path = System/Library/Frameworks/AudioToolbox.framework; sourceTree = SDKROOT; };
		C39941BA153FAAD000E64F82 /* CFNetwork.framework */ = {isa = PBXFileReference; lastKnownFileType = wrapper.framework; name = CFNetwork.framework; path = System/Library/Frameworks/CFNetwork.framework; sourceTree = SDKROOT; };
		C39941BC153FAAD900E64F82 /* MobileCoreServices.framework */ = {isa = PBXFileReference; lastKnownFileType = wrapper.framework; name = MobileCoreServices.framework; path = System/Library/Frameworks/MobileCoreServices.framework; sourceTree = SDKROOT; };
		C39941BE153FAADF00E64F82 /* SystemConfiguration.framework */ = {isa = PBXFileReference; lastKnownFileType = wrapper.framework; name = SystemConfiguration.framework; path = System/Library/Frameworks/SystemConfiguration.framework; sourceTree = SDKROOT; };
		C3C01697153A80EB00D56553 /* AVFoundation.framework */ = {isa = PBXFileReference; lastKnownFileType = wrapper.framework; name = AVFoundation.framework; path = System/Library/Frameworks/AVFoundation.framework; sourceTree = SDKROOT; };
		C3CE65EA154237DA00F998E6 /* libechoprint-codegen-ios.a */ = {isa = PBXFileReference; lastKnownFileType = archive.ar; name = "libechoprint-codegen-ios.a"; path = "Frameworks/libechoprint-codegen-ios.a"; sourceTree = "<group>"; };
		C3CE65EB154237DA00F998E6 /* libechoprint-codegen-ios.sim.a */ = {isa = PBXFileReference; lastKnownFileType = archive.ar; name = "libechoprint-codegen-ios.sim.a"; path = "Frameworks/libechoprint-codegen-ios.sim.a"; sourceTree = "<group>"; };
/* End PBXFileReference section */

/* Begin PBXFrameworksBuildPhase section */
		C36B3FDB15023E5400937C3F /* Frameworks */ = {
			isa = PBXFrameworksBuildPhase;
			buildActionMask = 2147483647;
			files = (
				2F01964C15AE2BA8000542AC /* libRestKit.a in Frameworks */,
				2F01964B15AE2B9A000542AC /* QuartzCore.framework in Frameworks */,
				2F01964915AE2B91000542AC /* libxml2.dylib in Frameworks */,
				2F01964715AE2B80000542AC /* Security.framework in Frameworks */,
				2F01964515AE2B72000542AC /* CoreData.framework in Frameworks */,
				2F01962B15AE175A000542AC /* libTestFlight.a in Frameworks */,
				2F4B988B15ACD34400C5AB4C /* libechoprint-codegen-ios.a in Frameworks */,
				2F4B988C15ACD34700C5AB4C /* libechoprint-codegen-ios.sim.a in Frameworks */,
				C39941A6153FA9A100E64F82 /* libz.dylib in Frameworks */,
				C39941BF153FAADF00E64F82 /* SystemConfiguration.framework in Frameworks */,
				C39941BD153FAAD900E64F82 /* MobileCoreServices.framework in Frameworks */,
				C39941BB153FAAD000E64F82 /* CFNetwork.framework in Frameworks */,
				C36B3FE315023E5400937C3F /* UIKit.framework in Frameworks */,
				C39941B9153FAAA100E64F82 /* AudioToolbox.framework in Frameworks */,
				C39941B6153FAA8100E64F82 /* MediaPlayer.framework in Frameworks */,
				C3C01699153A80F700D56553 /* AVFoundation.framework in Frameworks */,
				C36B3FE515023E5400937C3F /* Foundation.framework in Frameworks */,
				C36B3FE715023E5400937C3F /* CoreGraphics.framework in Frameworks */,
				2FFB537F15ADF7200069A722 /* Accounts.framework in Frameworks */,
				2FFB537D15ADF6DC0069A722 /* Twitter.framework in Frameworks */,
			);
			runOnlyForDeploymentPostprocessing = 0;
		};
		C36B3FFB15023E5400937C3F /* Frameworks */ = {
			isa = PBXFrameworksBuildPhase;
			buildActionMask = 2147483647;
			files = (
				2F4B98B515ACD99700C5AB4C /* libz.dylib in Frameworks */,
				2F4B988D15ACD34D00C5AB4C /* libechoprint-codegen-ios.a in Frameworks */,
				2F4B988E15ACD35000C5AB4C /* libechoprint-codegen-ios.sim.a in Frameworks */,
				C36B400115023E5400937C3F /* SenTestingKit.framework in Frameworks */,
				C36B400215023E5400937C3F /* UIKit.framework in Frameworks */,
				C36B400315023E5400937C3F /* Foundation.framework in Frameworks */,
				2F4B98B015ACD95A00C5AB4C /* libTestFlight.a in Frameworks */,
			);
			runOnlyForDeploymentPostprocessing = 0;
		};
/* End PBXFrameworksBuildPhase section */

/* Begin PBXGroup section */
		2F01962D15AE2A52000542AC /* Products */ = {
			isa = PBXGroup;
			children = (
				2F01963815AE2A52000542AC /* libRestKit.a */,
				2F01963A15AE2A52000542AC /* RestKitTests.octest */,
				2F01963C15AE2A52000542AC /* RestKit.framework */,
				2F01963E15AE2A52000542AC /* RestKitFrameworkTests.octest */,
				2F01964015AE2A52000542AC /* RestKitResources.bundle */,
			);
			name = Products;
			sourceTree = "<group>";
		};
		2F4B98A915ACD92300C5AB4C /* SDKs */ = {
			isa = PBXGroup;
			children = (
				2FFB533515ADDBE20069A722 /* GSSDK */,
				2F4B98AA15ACD95A00C5AB4C /* TestFlightSDK */,
			);
			name = SDKs;
			sourceTree = "<group>";
		};
		2F4B98AA15ACD95A00C5AB4C /* TestFlightSDK */ = {
			isa = PBXGroup;
			children = (
				2F4B98AB15ACD95A00C5AB4C /* libTestFlight.a */,
				2F4B98AC15ACD95A00C5AB4C /* README.txt */,
				2F4B98AD15ACD95A00C5AB4C /* release_notes.txt */,
				2F4B98AE15ACD95A00C5AB4C /* TestFlight.h */,
			);
			name = TestFlightSDK;
			path = SDKs/TestFlightSDK;
			sourceTree = "<group>";
		};
		2F4B98E315ACDC1600C5AB4C /* config */ = {
			isa = PBXGroup;
			children = (
				2F4B98E715ACDCEA00C5AB4C /* Settings.h */,
				2F4B98E415ACDC5500C5AB4C /* Settings.m */,
			);
			name = config;
			sourceTree = "<group>";
		};
		2F8AD0C815AF115C0004EECD /* Services */ = {
			isa = PBXGroup;
			children = (
				2F8AD0D215AF22C70004EECD /* AdHawkAd.h */,
				2F8AD0D315AF22C70004EECD /* AdHawkAd.m */,
				2F8AD0C915AF11B20004EECD /* AdHawkAPI.h */,
				2F8AD0CA15AF11B20004EECD /* AdHawkAPI.m */,
				2F8AD0CF15AF1EE30004EECD /* AdHawkQuery.h */,
				2F8AD0D015AF1EE30004EECD /* AdHawkQuery.m */,
			);
			name = Services;
			sourceTree = "<group>";
		};
		2FFB533515ADDBE20069A722 /* GSSDK */ = {
			isa = PBXGroup;
			children = (
				2FFB533615ADDBE20069A722 /* GSAPI.h */,
				2FFB533715ADDBE20069A722 /* GSAPI.m */,
				2FFB533815ADDBE20069A722 /* GSAPI_Internal.h */,
				2FFB533915ADDBE20069A722 /* GSAPI_Internal.m */,
				2FFB533A15ADDBE20069A722 /* GSContext.h */,
				2FFB533B15ADDBE20069A722 /* GSContext.m */,
				2FFB533C15ADDBE20069A722 /* GSFBConnect */,
				2FFB534715ADDBE20069A722 /* GSLogger.h */,
				2FFB534815ADDBE20069A722 /* GSLogger.m */,
				2FFB534915ADDBE20069A722 /* GSObject.h */,
				2FFB534A15ADDBE20069A722 /* GSObject.m */,
				2FFB534B15ADDBE20069A722 /* GSRequest.h */,
				2FFB534C15ADDBE20069A722 /* GSRequest.m */,
				2FFB534D15ADDBE20069A722 /* GSResponse.h */,
				2FFB534E15ADDBE20069A722 /* GSResponse.m */,
				2FFB534F15ADDBE20069A722 /* GSSession.h */,
				2FFB535015ADDBE20069A722 /* GSSession.m */,
				2FFB535115ADDBE20069A722 /* GSWebViewController.h */,
				2FFB535215ADDBE20069A722 /* GSWebViewController.m */,
				2FFB535315ADDBE20069A722 /* GSWebViewController.xib */,
				2FFB535415ADDBE20069A722 /* JSON */,
			);
			name = GSSDK;
			path = SDKs/GSSDK;
			sourceTree = "<group>";
		};
		2FFB533C15ADDBE20069A722 /* GSFBConnect */ = {
			isa = PBXGroup;
			children = (
				2FFB533D15ADDBE20069A722 /* GSFacebook.h */,
				2FFB533E15ADDBE20069A722 /* GSFacebook.m */,
				2FFB533F15ADDBE20069A722 /* GSFBConnect.h */,
				2FFB534015ADDBE20069A722 /* GSFBDialog.bundle */,
				2FFB534115ADDBE20069A722 /* GSFBDialog.h */,
				2FFB534215ADDBE20069A722 /* GSFBDialog.m */,
				2FFB534315ADDBE20069A722 /* GSFBLoginDialog.h */,
				2FFB534415ADDBE20069A722 /* GSFBLoginDialog.m */,
				2FFB534515ADDBE20069A722 /* GSFBRequest.h */,
				2FFB534615ADDBE20069A722 /* GSFBRequest.m */,
			);
			path = GSFBConnect;
			sourceTree = "<group>";
		};
		2FFB535415ADDBE20069A722 /* JSON */ = {
			isa = PBXGroup;
			children = (
				2FFB535515ADDBE20069A722 /* JSON.h */,
				2FFB535615ADDBE20069A722 /* NSObject+SBJSON.h */,
				2FFB535715ADDBE20069A722 /* NSObject+SBJSON.m */,
				2FFB535815ADDBE20069A722 /* NSString+SBJSON.h */,
				2FFB535915ADDBE20069A722 /* NSString+SBJSON.m */,
				2FFB535A15ADDBE20069A722 /* SBJSON.h */,
				2FFB535B15ADDBE20069A722 /* SBJSON.m */,
				2FFB535C15ADDBE20069A722 /* SBJsonBase.h */,
				2FFB535D15ADDBE20069A722 /* SBJsonBase.m */,
				2FFB535E15ADDBE20069A722 /* SBJsonParser.h */,
				2FFB535F15ADDBE20069A722 /* SBJsonParser.m */,
				2FFB536015ADDBE20069A722 /* SBJsonWriter.h */,
				2FFB536115ADDBE20069A722 /* SBJsonWriter.m */,
			);
			path = JSON;
			sourceTree = "<group>";
		};
		C36B3FD315023E5400937C3F = {
			isa = PBXGroup;
			children = (
				2F01962C15AE2A52000542AC /* RestKit.xcodeproj */,
				2F4B98A915ACD92300C5AB4C /* SDKs */,
				C36B3FE815023E5400937C3F /* adhawk */,
				C36B400615023E5400937C3F /* adhawkTests */,
				C36B3FE115023E5400937C3F /* Frameworks */,
				C36B3FDF15023E5400937C3F /* Products */,
			);
			sourceTree = "<group>";
		};
		C36B3FDF15023E5400937C3F /* Products */ = {
			isa = PBXGroup;
			children = (
				C36B3FDE15023E5400937C3F /* Ad Hawk.app */,
				C36B3FFF15023E5400937C3F /* Ad HawkTests.octest */,
			);
			name = Products;
			sourceTree = "<group>";
		};
		C36B3FE115023E5400937C3F /* Frameworks */ = {
			isa = PBXGroup;
			children = (
				2F01964A15AE2B9A000542AC /* QuartzCore.framework */,
				2F01964815AE2B91000542AC /* libxml2.dylib */,
				2F01964615AE2B80000542AC /* Security.framework */,
				2F01964415AE2B72000542AC /* CoreData.framework */,
				2FFB537E15ADF7200069A722 /* Accounts.framework */,
				2FFB537C15ADF6DC0069A722 /* Twitter.framework */,
				C3CE65EA154237DA00F998E6 /* libechoprint-codegen-ios.a */,
				C3CE65EB154237DA00F998E6 /* libechoprint-codegen-ios.sim.a */,
				C39941BE153FAADF00E64F82 /* SystemConfiguration.framework */,
				C39941BC153FAAD900E64F82 /* MobileCoreServices.framework */,
				C39941BA153FAAD000E64F82 /* CFNetwork.framework */,
				C39941B7153FAA9200E64F82 /* AudioToolbox.framework */,
				C39941B4153FAA7400E64F82 /* MediaPlayer.framework */,
				C39941A5153FA9A100E64F82 /* libz.dylib */,
				C3C01697153A80EB00D56553 /* AVFoundation.framework */,
				C36B3FE215023E5400937C3F /* UIKit.framework */,
				C36B3FE415023E5400937C3F /* Foundation.framework */,
				C36B3FE615023E5400937C3F /* CoreGraphics.framework */,
				C36B400015023E5400937C3F /* SenTestingKit.framework */,
			);
			name = Frameworks;
			sourceTree = "<group>";
		};
		C36B3FE815023E5400937C3F /* adhawk */ = {
			isa = PBXGroup;
			children = (
				2F4B986A15ACC84800C5AB4C /* MainStoryboard.storyboard */,
				C3C01695153A80C700D56553 /* Classes */,
				C3D6DD8615027FBB003F8F6B /* Resources */,
				C36B3FE915023E5400937C3F /* Supporting Files */,
			);
			name = adhawk;
			path = whopaid;
			sourceTree = "<group>";
		};
		C36B3FE915023E5400937C3F /* Supporting Files */ = {
			isa = PBXGroup;
			children = (
				2F4B986E15ACC8A700C5AB4C /* main.m */,
				2F93476E15AE111500FE5749 /* Ad Hawk-Info.plist */,
				2F93477115AE112100FE5749 /* Ad Hawk-Prefix.pch */,
				2F4B987615ACCC3500C5AB4C /* InfoPlist.strings */,
			);
			name = "Supporting Files";
			sourceTree = "<group>";
		};
		C36B400615023E5400937C3F /* adhawkTests */ = {
			isa = PBXGroup;
			children = (
				2F4B987A15ACCC5000C5AB4C /* adhawkTests.h */,
				2F4B987B15ACCC5000C5AB4C /* adhawkTests.m */,
				C36B400715023E5400937C3F /* Supporting Files */,
			);
			name = adhawkTests;
			path = whopaidTests;
			sourceTree = "<group>";
		};
		C36B400715023E5400937C3F /* Supporting Files */ = {
			isa = PBXGroup;
			children = (
				2F4B987E15ACCC6A00C5AB4C /* Ad HawkTests-Info.plist */,
				2F4B988115ACCC7900C5AB4C /* InfoPlist.strings */,
			);
			name = "Supporting Files";
			sourceTree = "<group>";
		};
		C39941A7153FA9D500E64F82 /* echoprint */ = {
			isa = PBXGroup;
			children = (
				2F4B985F15ACC80E00C5AB4C /* echoprint_Prefix.pch */,
				2F4B985315ACC7F800C5AB4C /* CADebugMacros.h */,
				2F4B985415ACC7F800C5AB4C /* CADebugPrintf.cpp */,
				2F4B985515ACC7F800C5AB4C /* CADebugPrintf.h */,
				2F4B985615ACC7F800C5AB4C /* CAStreamBasicDescription.h */,
				2F4B985715ACC7F800C5AB4C /* Codegen_wrapper.cpp */,
				2F4B985815ACC7F800C5AB4C /* Codegen_wrapper.h */,
				2F4B985915ACC7F800C5AB4C /* Codegen.h */,
				2F4B985A15ACC7F800C5AB4C /* GetPCMFromFile.cpp */,
				2F4B985B15ACC7F800C5AB4C /* GetPCMFromFile.h */,
			);
			name = echoprint;
			sourceTree = "<group>";
		};
		C3C01695153A80C700D56553 /* Classes */ = {
			isa = PBXGroup;
			children = (
				2F8AD0C815AF115C0004EECD /* Services */,
				2F4B98E315ACDC1600C5AB4C /* config */,
				2F4B984115ACC7AC00C5AB4C /* AdDetailViewController.h */,
				2F4B984215ACC7AC00C5AB4C /* AdDetailViewController.m */,
				2F4B984315ACC7AC00C5AB4C /* AppDelegate.h */,
				2F4B984415ACC7AC00C5AB4C /* AppDelegate.m */,
				2F4B984515ACC7AC00C5AB4C /* RecorderViewController.h */,
				2F4B984615ACC7AC00C5AB4C /* RecorderViewController.m */,
				2F4B984715ACC7AC00C5AB4C /* ViewController.h */,
				2F4B984815ACC7AC00C5AB4C /* ViewController.m */,
				C39941A7153FA9D500E64F82 /* echoprint */,
			);
			name = Classes;
			sourceTree = "<group>";
		};
		C3D6DD8615027FBB003F8F6B /* Resources */ = {
			isa = PBXGroup;
			children = (
				2F4B984D15ACC7DB00C5AB4C /* icon.png */,
				2F4B984E15ACC7DB00C5AB4C /* money_trans.png */,
				2F4B984F15ACC7DB00C5AB4C /* president_crop.jpeg */,
			);
			name = Resources;
			sourceTree = "<group>";
		};
/* End PBXGroup section */

/* Begin PBXNativeTarget section */
		C36B3FDD15023E5400937C3F /* Ad Hawk */ = {
			isa = PBXNativeTarget;
			buildConfigurationList = C36B401115023E5400937C3F /* Build configuration list for PBXNativeTarget "Ad Hawk" */;
			buildPhases = (
				2F41957115AE06790038B0CA /* ShellScript */,
				C36B3FDA15023E5400937C3F /* Sources */,
				C36B3FDB15023E5400937C3F /* Frameworks */,
				C36B3FDC15023E5400937C3F /* Resources */,
			);
			buildRules = (
			);
			dependencies = (
				2F01964315AE2B5A000542AC /* PBXTargetDependency */,
			);
			name = "Ad Hawk";
			productName = whopaid;
			productReference = C36B3FDE15023E5400937C3F /* Ad Hawk.app */;
			productType = "com.apple.product-type.application";
		};
		C36B3FFE15023E5400937C3F /* Ad HawkTests */ = {
			isa = PBXNativeTarget;
			buildConfigurationList = C36B401415023E5400937C3F /* Build configuration list for PBXNativeTarget "Ad HawkTests" */;
			buildPhases = (
				C36B3FFA15023E5400937C3F /* Sources */,
				C36B3FFB15023E5400937C3F /* Frameworks */,
				C36B3FFC15023E5400937C3F /* Resources */,
				C36B3FFD15023E5400937C3F /* ShellScript */,
			);
			buildRules = (
			);
			dependencies = (
				C36B400515023E5400937C3F /* PBXTargetDependency */,
			);
			name = "Ad HawkTests";
			productName = whopaidTests;
			productReference = C36B3FFF15023E5400937C3F /* Ad HawkTests.octest */;
			productType = "com.apple.product-type.bundle";
		};
/* End PBXNativeTarget section */

/* Begin PBXProject section */
		C36B3FD515023E5400937C3F /* Project object */ = {
			isa = PBXProject;
			attributes = {
				LastUpgradeCheck = 0430;
			};
			buildConfigurationList = C36B3FD815023E5400937C3F /* Build configuration list for PBXProject "adhawk" */;
			compatibilityVersion = "Xcode 3.2";
			developmentRegion = English;
			hasScannedForEncodings = 0;
			knownRegions = (
				en,
			);
			mainGroup = C36B3FD315023E5400937C3F;
			productRefGroup = C36B3FDF15023E5400937C3F /* Products */;
			projectDirPath = "";
			projectReferences = (
				{
					ProductGroup = 2F01962D15AE2A52000542AC /* Products */;
					ProjectRef = 2F01962C15AE2A52000542AC /* RestKit.xcodeproj */;
				},
			);
			projectRoot = "";
			targets = (
				C36B3FDD15023E5400937C3F /* Ad Hawk */,
				C36B3FFE15023E5400937C3F /* Ad HawkTests */,
			);
		};
/* End PBXProject section */

/* Begin PBXReferenceProxy section */
		2F01963815AE2A52000542AC /* libRestKit.a */ = {
			isa = PBXReferenceProxy;
			fileType = archive.ar;
			path = libRestKit.a;
			remoteRef = 2F01963715AE2A52000542AC /* PBXContainerItemProxy */;
			sourceTree = BUILT_PRODUCTS_DIR;
		};
		2F01963A15AE2A52000542AC /* RestKitTests.octest */ = {
			isa = PBXReferenceProxy;
			fileType = wrapper.cfbundle;
			path = RestKitTests.octest;
			remoteRef = 2F01963915AE2A52000542AC /* PBXContainerItemProxy */;
			sourceTree = BUILT_PRODUCTS_DIR;
		};
		2F01963C15AE2A52000542AC /* RestKit.framework */ = {
			isa = PBXReferenceProxy;
			fileType = wrapper.framework;
			path = RestKit.framework;
			remoteRef = 2F01963B15AE2A52000542AC /* PBXContainerItemProxy */;
			sourceTree = BUILT_PRODUCTS_DIR;
		};
		2F01963E15AE2A52000542AC /* RestKitFrameworkTests.octest */ = {
			isa = PBXReferenceProxy;
			fileType = wrapper.cfbundle;
			path = RestKitFrameworkTests.octest;
			remoteRef = 2F01963D15AE2A52000542AC /* PBXContainerItemProxy */;
			sourceTree = BUILT_PRODUCTS_DIR;
		};
		2F01964015AE2A52000542AC /* RestKitResources.bundle */ = {
			isa = PBXReferenceProxy;
			fileType = wrapper.cfbundle;
			path = RestKitResources.bundle;
			remoteRef = 2F01963F15AE2A52000542AC /* PBXContainerItemProxy */;
			sourceTree = BUILT_PRODUCTS_DIR;
		};
/* End PBXReferenceProxy section */

/* Begin PBXResourcesBuildPhase section */
		C36B3FDC15023E5400937C3F /* Resources */ = {
			isa = PBXResourcesBuildPhase;
			buildActionMask = 2147483647;
			files = (
				2F4B985015ACC7DB00C5AB4C /* icon.png in Resources */,
				2F4B985115ACC7DB00C5AB4C /* money_trans.png in Resources */,
				2F4B985215ACC7DB00C5AB4C /* president_crop.jpeg in Resources */,
				2F4B986C15ACC84800C5AB4C /* MainStoryboard.storyboard in Resources */,
				2F4B987815ACCC3500C5AB4C /* InfoPlist.strings in Resources */,
				2FFB536615ADDBE20069A722 /* GSFBDialog.bundle in Resources */,
				2FFB537015ADDBE20069A722 /* GSWebViewController.xib in Resources */,
			);
			runOnlyForDeploymentPostprocessing = 0;
		};
		C36B3FFC15023E5400937C3F /* Resources */ = {
			isa = PBXResourcesBuildPhase;
			buildActionMask = 2147483647;
			files = (
				2F4B988615ACCDDB00C5AB4C /* InfoPlist.strings in Resources */,
				2F4B98B215ACD95A00C5AB4C /* README.txt in Resources */,
				2F4B98B415ACD95A00C5AB4C /* release_notes.txt in Resources */,
			);
			runOnlyForDeploymentPostprocessing = 0;
		};
/* End PBXResourcesBuildPhase section */

/* Begin PBXShellScriptBuildPhase section */
		2F41957115AE06790038B0CA /* ShellScript */ = {
			isa = PBXShellScriptBuildPhase;
			buildActionMask = 8;
			files = (
			);
			inputPaths = (
			);
			outputPaths = (
			);
			runOnlyForDeploymentPostprocessing = 1;
			shellPath = /bin/sh;
			shellScript = "#!/bin/sh\n#\ngit=`sh /etc/profile; which git`\n## For the App Store, instead use: git describe –abbrev=0 –tags\nversion=`$git describe --abbrev=0 --tags --always`\ncount=`$git rev-list --all | wc -l`\nrevision=`$git rev-parse --short HEAD`\necho -e \"#define GIT_VERSION $version\\n#define GIT_COMMIT_COUNT $count\\n#define GIT_SHORT_REVISION $revision\" > Resources/InfoPlist.h";
		};
		C36B3FFD15023E5400937C3F /* ShellScript */ = {
			isa = PBXShellScriptBuildPhase;
			buildActionMask = 2147483647;
			files = (
			);
			inputPaths = (
			);
			outputPaths = (
			);
			runOnlyForDeploymentPostprocessing = 0;
			shellPath = /bin/sh;
			shellScript = "# Run the unit tests in this test bundle.\n\"${SYSTEM_DEVELOPER_DIR}/Tools/RunUnitTests\"\n";
		};
/* End PBXShellScriptBuildPhase section */

/* Begin PBXSourcesBuildPhase section */
		C36B3FDA15023E5400937C3F /* Sources */ = {
			isa = PBXSourcesBuildPhase;
			buildActionMask = 2147483647;
			files = (
				2F4B984915ACC7AC00C5AB4C /* AdDetailViewController.m in Sources */,
				2F4B984A15ACC7AC00C5AB4C /* AppDelegate.m in Sources */,
				2F4B984B15ACC7AC00C5AB4C /* RecorderViewController.m in Sources */,
				2F4B984C15ACC7AC00C5AB4C /* ViewController.m in Sources */,
				2F4B985C15ACC7F800C5AB4C /* CADebugPrintf.cpp in Sources */,
				2F4B985D15ACC7F800C5AB4C /* Codegen_wrapper.cpp in Sources */,
				2F4B985E15ACC7F800C5AB4C /* GetPCMFromFile.cpp in Sources */,
				2F4B986F15ACC8A700C5AB4C /* main.m in Sources */,
				2F4B98E515ACDC5500C5AB4C /* Settings.m in Sources */,
				2FFB536215ADDBE20069A722 /* GSAPI.m in Sources */,
				2FFB536315ADDBE20069A722 /* GSAPI_Internal.m in Sources */,
				2FFB536415ADDBE20069A722 /* GSContext.m in Sources */,
				2FFB536515ADDBE20069A722 /* GSFacebook.m in Sources */,
				2FFB536715ADDBE20069A722 /* GSFBDialog.m in Sources */,
				2FFB536815ADDBE20069A722 /* GSFBLoginDialog.m in Sources */,
				2FFB536915ADDBE20069A722 /* GSFBRequest.m in Sources */,
				2FFB536A15ADDBE20069A722 /* GSLogger.m in Sources */,
				2FFB536B15ADDBE20069A722 /* GSObject.m in Sources */,
				2FFB536C15ADDBE20069A722 /* GSRequest.m in Sources */,
				2FFB536D15ADDBE20069A722 /* GSResponse.m in Sources */,
				2FFB536E15ADDBE20069A722 /* GSSession.m in Sources */,
				2FFB536F15ADDBE20069A722 /* GSWebViewController.m in Sources */,
				2FFB537115ADDBE20069A722 /* NSObject+SBJSON.m in Sources */,
				2FFB537215ADDBE20069A722 /* NSString+SBJSON.m in Sources */,
				2FFB537315ADDBE20069A722 /* SBJSON.m in Sources */,
				2FFB537415ADDBE20069A722 /* SBJsonBase.m in Sources */,
				2FFB537515ADDBE20069A722 /* SBJsonParser.m in Sources */,
				2FFB537615ADDBE20069A722 /* SBJsonWriter.m in Sources */,
				2F8AD0CB15AF11B20004EECD /* AdHawkAPI.m in Sources */,
				2F8AD0D115AF1EE30004EECD /* AdHawkQuery.m in Sources */,
				2F8AD0D415AF22C70004EECD /* AdHawkAd.m in Sources */,
			);
			runOnlyForDeploymentPostprocessing = 0;
		};
		C36B3FFA15023E5400937C3F /* Sources */ = {
			isa = PBXSourcesBuildPhase;
			buildActionMask = 2147483647;
			files = (
				2F4B987C15ACCC5000C5AB4C /* adhawkTests.m in Sources */,
				2F4B98E615ACDC5500C5AB4C /* Settings.m in Sources */,
			);
			runOnlyForDeploymentPostprocessing = 0;
		};
/* End PBXSourcesBuildPhase section */

/* Begin PBXTargetDependency section */
		2F01964315AE2B5A000542AC /* PBXTargetDependency */ = {
			isa = PBXTargetDependency;
			name = RestKit;
			targetProxy = 2F01964215AE2B5A000542AC /* PBXContainerItemProxy */;
		};
		C36B400515023E5400937C3F /* PBXTargetDependency */ = {
			isa = PBXTargetDependency;
			target = C36B3FDD15023E5400937C3F /* Ad Hawk */;
			targetProxy = C36B400415023E5400937C3F /* PBXContainerItemProxy */;
		};
/* End PBXTargetDependency section */

/* Begin PBXVariantGroup section */
		2F4B986A15ACC84800C5AB4C /* MainStoryboard.storyboard */ = {
			isa = PBXVariantGroup;
			children = (
				2F4B986B15ACC84800C5AB4C /* en */,
			);
			name = MainStoryboard.storyboard;
			sourceTree = "<group>";
		};
		2F4B987615ACCC3500C5AB4C /* InfoPlist.strings */ = {
			isa = PBXVariantGroup;
			children = (
				2F4B987715ACCC3500C5AB4C /* en */,
			);
			name = InfoPlist.strings;
			sourceTree = "<group>";
		};
		2F4B988115ACCC7900C5AB4C /* InfoPlist.strings */ = {
			isa = PBXVariantGroup;
			children = (
				2F4B988215ACCC7900C5AB4C /* en */,
			);
			name = InfoPlist.strings;
			sourceTree = "<group>";
		};
/* End PBXVariantGroup section */

/* Begin XCBuildConfiguration section */
		C36B400F15023E5400937C3F /* Debug */ = {
			isa = XCBuildConfiguration;
			buildSettings = {
				ALWAYS_SEARCH_USER_PATHS = NO;
				ARCHS = "$(ARCHS_STANDARD_32_BIT)";
				CLANG_ENABLE_OBJC_ARC = YES;
				"CODE_SIGN_IDENTITY[sdk=iphoneos*]" = "iPhone Developer";
				COPY_PHASE_STRIP = NO;
				GCC_C_LANGUAGE_STANDARD = gnu99;
				GCC_DYNAMIC_NO_PIC = NO;
				GCC_OPTIMIZATION_LEVEL = 0;
				GCC_PREPROCESSOR_DEFINITIONS = (
					"DEBUG=1",
					"$(inherited)",
				);
				GCC_SYMBOLS_PRIVATE_EXTERN = NO;
				GCC_VERSION = "";
				GCC_WARN_ABOUT_MISSING_PROTOTYPES = YES;
				GCC_WARN_ABOUT_RETURN_TYPE = YES;
				GCC_WARN_UNUSED_VARIABLE = YES;
				HEADER_SEARCH_PATHS = "\"$(BUILT_PRODUCTS_DIR)/../../Headers\"";
				INFOPLIST_PREPROCESS = NO;
				IPHONEOS_DEPLOYMENT_TARGET = 5.0;
				OTHER_LDFLAGS = (
					"-ObjC",
					"-all_load",
				);
				PRODUCT_NAME = "Ad Hawk";
				SDKROOT = iphoneos;
				STRIP_INSTALLED_PRODUCT = NO;
				USER_HEADER_SEARCH_PATHS = "$(SOURCE_ROOT)/SDKs/**";
			};
			name = Debug;
		};
		C36B401015023E5400937C3F /* Release */ = {
			isa = XCBuildConfiguration;
			buildSettings = {
				ALWAYS_SEARCH_USER_PATHS = NO;
				ARCHS = "$(ARCHS_STANDARD_32_BIT)";
				CLANG_ENABLE_OBJC_ARC = YES;
				"CODE_SIGN_IDENTITY[sdk=iphoneos*]" = "iPhone Developer";
				COPY_PHASE_STRIP = NO;
				GCC_C_LANGUAGE_STANDARD = gnu99;
				GCC_VERSION = "";
				GCC_WARN_ABOUT_MISSING_PROTOTYPES = YES;
				GCC_WARN_ABOUT_RETURN_TYPE = YES;
				GCC_WARN_UNUSED_VARIABLE = YES;
				HEADER_SEARCH_PATHS = "\"$(BUILT_PRODUCTS_DIR)/../../Headers\"";
				INFOPLIST_PREPROCESS = NO;
				IPHONEOS_DEPLOYMENT_TARGET = 5.0;
				OTHER_CFLAGS = "-DNS_BLOCK_ASSERTIONS=1";
				OTHER_LDFLAGS = (
					"-ObjC",
					"-all_load",
				);
				PRODUCT_NAME = "Ad Hawk";
				SDKROOT = iphoneos;
				STRIP_INSTALLED_PRODUCT = NO;
				USER_HEADER_SEARCH_PATHS = "$(SOURCE_ROOT)/SDKs/**";
				VALIDATE_PRODUCT = YES;
			};
			name = Release;
		};
		C36B401215023E5400937C3F /* Debug */ = {
			isa = XCBuildConfiguration;
			buildSettings = {
				CLANG_ENABLE_OBJC_ARC = NO;
				GCC_PRECOMPILE_PREFIX_HEADER = YES;
				GCC_PREFIX_HEADER = "adhawk/Ad Hawk-Prefix.pch";
				GCC_VERSION = "";
				INFOPLIST_FILE = "adhawk/Ad Hawk-Info.plist";
				INFOPLIST_PREFIX_HEADER = Resources/InfoPlist.h;
				INFOPLIST_PREPROCESS = YES;
				LIBRARY_SEARCH_PATHS = (
					"$(inherited)",
					"\"$(SRCROOT)/Frameworks\"",
					"\"$(SRCROOT)\"",
					"\"$(SRCROOT)/SDKs/TestFlightSDK\"",
				);
				PRODUCT_NAME = "Ad Hawk";
				TARGETED_DEVICE_FAMILY = 1;
				WRAPPER_EXTENSION = app;
			};
			name = Debug;
		};
		C36B401315023E5400937C3F /* Release */ = {
			isa = XCBuildConfiguration;
			buildSettings = {
				CLANG_ENABLE_OBJC_ARC = NO;
				GCC_PRECOMPILE_PREFIX_HEADER = YES;
				GCC_PREFIX_HEADER = "adhawk/Ad Hawk-Prefix.pch";
				GCC_VERSION = "";
				INFOPLIST_FILE = "adhawk/Ad Hawk-Info.plist";
				INFOPLIST_PREFIX_HEADER = Resources/InfoPlist.h;
				INFOPLIST_PREPROCESS = YES;
				LIBRARY_SEARCH_PATHS = (
					"$(inherited)",
					"\"$(SRCROOT)/Frameworks\"",
					"\"$(SRCROOT)\"",
					"\"$(SRCROOT)/SDKs/TestFlightSDK\"",
				);
				PRODUCT_NAME = "Ad Hawk";
				TARGETED_DEVICE_FAMILY = 1;
				WRAPPER_EXTENSION = app;
			};
			name = Release;
		};
		C36B401515023E5400937C3F /* Debug */ = {
			isa = XCBuildConfiguration;
			buildSettings = {
				BUNDLE_LOADER = "$(BUILT_PRODUCTS_DIR)/adhawk/adhawk";
				FRAMEWORK_SEARCH_PATHS = (
					"$(SDKROOT)/Developer/Library/Frameworks",
					"$(DEVELOPER_LIBRARY_DIR)/Frameworks",
				);
				GCC_PRECOMPILE_PREFIX_HEADER = YES;
				GCC_PREFIX_HEADER = "adhawk/adhawk-Prefix.pch";
				INFOPLIST_FILE = "/Applications/Xcode.app/Contents/Developer/Platforms/iPhoneOS.platform/Developer/SDKs/iPhoneOS5.1.sdk/Users/dcloud/code/objc/adhawk-ios/adhawkTests/Ad HawkTests-Info.plist";
				LIBRARY_SEARCH_PATHS = (
					"$(inherited)",
					"\"$(SRCROOT)\"",
					"\"$(SRCROOT)/Frameworks\"",
					"\"$(SRCROOT)/Frameworks/TestFlightSDK\"",
					"\"$(SRCROOT)/SDKs/TestFlightSDK\"",
				);
				PRODUCT_NAME = "Ad HawkTests";
				TEST_HOST = "$(BUNDLE_LOADER)";
				WRAPPER_EXTENSION = octest;
			};
			name = Debug;
		};
		C36B401615023E5400937C3F /* Release */ = {
			isa = XCBuildConfiguration;
			buildSettings = {
				BUNDLE_LOADER = "$(BUILT_PRODUCTS_DIR)/adhawk.app/adhawk";
				FRAMEWORK_SEARCH_PATHS = (
					"$(SDKROOT)/Developer/Library/Frameworks",
					"$(DEVELOPER_LIBRARY_DIR)/Frameworks",
				);
				GCC_PRECOMPILE_PREFIX_HEADER = YES;
				GCC_PREFIX_HEADER = "adhawk/adhawk-Prefix.pch";
				INFOPLIST_FILE = "/Applications/Xcode.app/Contents/Developer/Platforms/iPhoneOS.platform/Developer/SDKs/iPhoneOS5.1.sdk/Users/dcloud/code/objc/adhawk-ios/adhawkTests/Ad HawkTests-Info.plist";
				LIBRARY_SEARCH_PATHS = (
					"$(inherited)",
					"\"$(SRCROOT)\"",
					"\"$(SRCROOT)/Frameworks\"",
					"\"$(SRCROOT)/Frameworks/TestFlightSDK\"",
					"\"$(SRCROOT)/SDKs/TestFlightSDK\"",
				);
				PRODUCT_NAME = "Ad HawkTests";
				TEST_HOST = "$(BUNDLE_LOADER)";
				WRAPPER_EXTENSION = octest;
			};
			name = Release;
		};
/* End XCBuildConfiguration section */

/* Begin XCConfigurationList section */
		C36B3FD815023E5400937C3F /* Build configuration list for PBXProject "adhawk" */ = {
			isa = XCConfigurationList;
			buildConfigurations = (
				C36B400F15023E5400937C3F /* Debug */,
				C36B401015023E5400937C3F /* Release */,
			);
			defaultConfigurationIsVisible = 0;
			defaultConfigurationName = Release;
		};
		C36B401115023E5400937C3F /* Build configuration list for PBXNativeTarget "Ad Hawk" */ = {
			isa = XCConfigurationList;
			buildConfigurations = (
				C36B401215023E5400937C3F /* Debug */,
				C36B401315023E5400937C3F /* Release */,
			);
			defaultConfigurationIsVisible = 0;
			defaultConfigurationName = Release;
		};
		C36B401415023E5400937C3F /* Build configuration list for PBXNativeTarget "Ad HawkTests" */ = {
			isa = XCConfigurationList;
			buildConfigurations = (
				C36B401515023E5400937C3F /* Debug */,
				C36B401615023E5400937C3F /* Release */,
			);
			defaultConfigurationIsVisible = 0;
			defaultConfigurationName = Release;
		};
/* End XCConfigurationList section */
	};
	rootObject = C36B3FD515023E5400937C3F /* Project object */;
}
